// !$*UTF8*$!
{
	archiveVersion = 1;
	classes = {
	};
	objectVersion = 55;
	objects = {

/* Begin PBXBuildFile section */
		183FE564469D626AD1366999 /* Pods_Instant_sports_Quiz.framework in Frameworks */ = {isa = PBXBuildFile; fileRef = C519701E2BDB0F78D90BAB9D /* Pods_Instant_sports_Quiz.framework */; };
		21AE2F2EACEC1E760D2D536B /* Pods_Instant_sports_Quiz_Instant_sports_QuizUITests.framework in Frameworks */ = {isa = PBXBuildFile; fileRef = E3E558BC13289FD447AAAC15 /* Pods_Instant_sports_Quiz_Instant_sports_QuizUITests.framework */; };
		95242179EA0A536D3C6C6140 /* Pods_Instant_sports_QuizTests.framework in Frameworks */ = {isa = PBXBuildFile; fileRef = FB006C8E2727BB85B6EA9E23 /* Pods_Instant_sports_QuizTests.framework */; };
		AD0722572940866B009F929B /* AppDelegate.swift in Sources */ = {isa = PBXBuildFile; fileRef = AD0722562940866B009F929B /* AppDelegate.swift */; };
		AD07225E2940866B009F929B /* Main.storyboard in Resources */ = {isa = PBXBuildFile; fileRef = AD07225C2940866B009F929B /* Main.storyboard */; };
		AD0722602940866C009F929B /* Assets.xcassets in Resources */ = {isa = PBXBuildFile; fileRef = AD07225F2940866C009F929B /* Assets.xcassets */; };
		AD0722632940866C009F929B /* LaunchScreen.storyboard in Resources */ = {isa = PBXBuildFile; fileRef = AD0722612940866C009F929B /* LaunchScreen.storyboard */; };
		AD07226E2940866C009F929B /* Instant_sports_QuizTests.swift in Sources */ = {isa = PBXBuildFile; fileRef = AD07226D2940866C009F929B /* Instant_sports_QuizTests.swift */; };
		AD0722782940866C009F929B /* Instant_sports_QuizUITests.swift in Sources */ = {isa = PBXBuildFile; fileRef = AD0722772940866C009F929B /* Instant_sports_QuizUITests.swift */; };
		AD07227A2940866C009F929B /* Instant_sports_QuizUITestsLaunchTests.swift in Sources */ = {isa = PBXBuildFile; fileRef = AD0722792940866C009F929B /* Instant_sports_QuizUITestsLaunchTests.swift */; };
		AD07229129409A4D009F929B /* EndPoints.swift in Sources */ = {isa = PBXBuildFile; fileRef = AD07228729409A4D009F929B /* EndPoints.swift */; };
		AD07229229409A4D009F929B /* UploadFile.swift in Sources */ = {isa = PBXBuildFile; fileRef = AD07228829409A4D009F929B /* UploadFile.swift */; };
		AD07229329409A4D009F929B /* Environment.swift in Sources */ = {isa = PBXBuildFile; fileRef = AD07228929409A4D009F929B /* Environment.swift */; };
		AD07229429409A4D009F929B /* BaseUrl.swift in Sources */ = {isa = PBXBuildFile; fileRef = AD07228A29409A4D009F929B /* BaseUrl.swift */; };
		AD07229529409A4D009F929B /* WebService.swift in Sources */ = {isa = PBXBuildFile; fileRef = AD07228B29409A4D009F929B /* WebService.swift */; };
		AD07229929409A4D009F929B /* HomeAPI.swift in Sources */ = {isa = PBXBuildFile; fileRef = AD07229029409A4D009F929B /* HomeAPI.swift */; };
		AD0722BB29409A65009F929B /* Constants.swift in Sources */ = {isa = PBXBuildFile; fileRef = AD07229B29409A65009F929B /* Constants.swift */; };
		AD0722BC29409A65009F929B /* RoundShadowView.swift in Sources */ = {isa = PBXBuildFile; fileRef = AD07229D29409A65009F929B /* RoundShadowView.swift */; };
		AD0722BD29409A65009F929B /* BaseViewController.swift in Sources */ = {isa = PBXBuildFile; fileRef = AD07229E29409A65009F929B /* BaseViewController.swift */; };
		AD0722BE29409A65009F929B /* RoundView.swift in Sources */ = {isa = PBXBuildFile; fileRef = AD07229F29409A65009F929B /* RoundView.swift */; };
		AD0722BF29409A65009F929B /* MainTabBarController.swift in Sources */ = {isa = PBXBuildFile; fileRef = AD0722A029409A65009F929B /* MainTabBarController.swift */; };
		AD0722C029409A65009F929B /* CustomTabBar.swift in Sources */ = {isa = PBXBuildFile; fileRef = AD0722A129409A65009F929B /* CustomTabBar.swift */; };
		AD0722C129409A65009F929B /* RoundedCornerImage.swift in Sources */ = {isa = PBXBuildFile; fileRef = AD0722A229409A65009F929B /* RoundedCornerImage.swift */; };
		AD0722C229409A65009F929B /* UIApplication+Extension.swift in Sources */ = {isa = PBXBuildFile; fileRef = AD0722A429409A65009F929B /* UIApplication+Extension.swift */; };
		AD0722C329409A65009F929B /* UIImageView+Extension.swift in Sources */ = {isa = PBXBuildFile; fileRef = AD0722A529409A65009F929B /* UIImageView+Extension.swift */; };
		AD0722C429409A65009F929B /* UIColor+Extension.swift in Sources */ = {isa = PBXBuildFile; fileRef = AD0722A629409A65009F929B /* UIColor+Extension.swift */; };
		AD0722C529409A65009F929B /* Date+Extension.swift in Sources */ = {isa = PBXBuildFile; fileRef = AD0722A729409A65009F929B /* Date+Extension.swift */; };
		AD0722C629409A65009F929B /* UIView+Extension.swift in Sources */ = {isa = PBXBuildFile; fileRef = AD0722A829409A65009F929B /* UIView+Extension.swift */; };
		AD0722C729409A65009F929B /* UINavigationController+Extension.swift in Sources */ = {isa = PBXBuildFile; fileRef = AD0722A929409A65009F929B /* UINavigationController+Extension.swift */; };
		AD0722C829409A65009F929B /* URL+Extension.swift in Sources */ = {isa = PBXBuildFile; fileRef = AD0722AA29409A65009F929B /* URL+Extension.swift */; };
		AD0722C929409A65009F929B /* UIViewController+Extension.swift in Sources */ = {isa = PBXBuildFile; fileRef = AD0722AB29409A65009F929B /* UIViewController+Extension.swift */; };
		AD0722CA29409A65009F929B /* String+Extension.swift in Sources */ = {isa = PBXBuildFile; fileRef = AD0722AC29409A65009F929B /* String+Extension.swift */; };
		AD0722CB29409A65009F929B /* UISegmentedControl+Extension.swift in Sources */ = {isa = PBXBuildFile; fileRef = AD0722AD29409A65009F929B /* UISegmentedControl+Extension.swift */; };
		AD0722CD29409A65009F929B /* UIPageControllerExtension.swift in Sources */ = {isa = PBXBuildFile; fileRef = AD0722AF29409A65009F929B /* UIPageControllerExtension.swift */; };
		AD0722CE29409A65009F929B /* Dictionary+Extension.swift in Sources */ = {isa = PBXBuildFile; fileRef = AD0722B029409A65009F929B /* Dictionary+Extension.swift */; };
		AD0722CF29409A65009F929B /* Data+Extension.swift in Sources */ = {isa = PBXBuildFile; fileRef = AD0722B129409A65009F929B /* Data+Extension.swift */; };
		AD0722D029409A65009F929B /* UIImageExtension.swift in Sources */ = {isa = PBXBuildFile; fileRef = AD0722B229409A65009F929B /* UIImageExtension.swift */; };
		AD0722D129409A65009F929B /* CollectionViewExtension.swift in Sources */ = {isa = PBXBuildFile; fileRef = AD0722B329409A65009F929B /* CollectionViewExtension.swift */; };
		AD0722D229409A65009F929B /* AppPreferences.swift in Sources */ = {isa = PBXBuildFile; fileRef = AD0722B429409A65009F929B /* AppPreferences.swift */; };
		AD0722D329409A65009F929B /* Images.swift in Sources */ = {isa = PBXBuildFile; fileRef = AD0722B529409A65009F929B /* Images.swift */; };
		AD0722D429409A65009F929B /* Utility.swift in Sources */ = {isa = PBXBuildFile; fileRef = AD0722B629409A65009F929B /* Utility.swift */; };
		AD0722D529409A65009F929B /* SnackView.swift in Sources */ = {isa = PBXBuildFile; fileRef = AD0722B729409A65009F929B /* SnackView.swift */; };
		AD0722D629409A65009F929B /* Colors.swift in Sources */ = {isa = PBXBuildFile; fileRef = AD0722B829409A65009F929B /* Colors.swift */; };
		AD0722D729409A65009F929B /* LocationManager.swift in Sources */ = {isa = PBXBuildFile; fileRef = AD0722B929409A65009F929B /* LocationManager.swift */; };
		AD0722D829409A65009F929B /* FilePicker.swift in Sources */ = {isa = PBXBuildFile; fileRef = AD0722BA29409A65009F929B /* FilePicker.swift */; };
		AD0722E929409A76009F929B /* Dialogs.strings in Resources */ = {isa = PBXBuildFile; fileRef = AD0722DA29409A76009F929B /* Dialogs.strings */; };
		AD0722EB29409A76009F929B /* MatchOptionsViewController.swift in Sources */ = {isa = PBXBuildFile; fileRef = AD0722DF29409A76009F929B /* MatchOptionsViewController.swift */; };
		AD0722EC29409A76009F929B /* Dialogs.storyboard in Resources */ = {isa = PBXBuildFile; fileRef = AD0722E029409A76009F929B /* Dialogs.storyboard */; };
		AD0722ED29409A76009F929B /* SuccessfullDialog.swift in Sources */ = {isa = PBXBuildFile; fileRef = AD0722E229409A76009F929B /* SuccessfullDialog.swift */; };
		AD0722EE29409A76009F929B /* ConfirmationViewController.swift in Sources */ = {isa = PBXBuildFile; fileRef = AD0722E329409A76009F929B /* ConfirmationViewController.swift */; };
		AD0722F029409A76009F929B /* Dialog.swift in Sources */ = {isa = PBXBuildFile; fileRef = AD0722E829409A76009F929B /* Dialog.swift */; };
		AD0722F429409B55009F929B /* LaunchesViewController.swift in Sources */ = {isa = PBXBuildFile; fileRef = AD0722F329409B55009F929B /* LaunchesViewController.swift */; };
		AD0722F729409B80009F929B /* WebViewViewController.swift in Sources */ = {isa = PBXBuildFile; fileRef = AD0722F629409B80009F929B /* WebViewViewController.swift */; };
		AD0723002940B1F1009F929B /* Mapping.swift in Sources */ = {isa = PBXBuildFile; fileRef = AD0722FA2940B1F1009F929B /* Mapping.swift */; };
		AD0723012940B1F1009F929B /* Region.swift in Sources */ = {isa = PBXBuildFile; fileRef = AD0722FB2940B1F1009F929B /* Region.swift */; };
		AD0723022940B1F1009F929B /* UrlDetails.swift in Sources */ = {isa = PBXBuildFile; fileRef = AD0722FC2940B1F1009F929B /* UrlDetails.swift */; };
		AD0723032940B1F1009F929B /* InitField.swift in Sources */ = {isa = PBXBuildFile; fileRef = AD0722FD2940B1F1009F929B /* InitField.swift */; };
		AD0723042940B1F1009F929B /* Prompt.swift in Sources */ = {isa = PBXBuildFile; fileRef = AD0722FE2940B1F1009F929B /* Prompt.swift */; };
		AD0723052940B1F1009F929B /* Banner.swift in Sources */ = {isa = PBXBuildFile; fileRef = AD0722FF2940B1F1009F929B /* Banner.swift */; };
		AD0723082940B244009F929B /* LinupResponse.swift in Sources */ = {isa = PBXBuildFile; fileRef = AD0723072940B244009F929B /* LinupResponse.swift */; };
		AD07230A2940B24A009F929B /* LineupList.swift in Sources */ = {isa = PBXBuildFile; fileRef = AD0723092940B24A009F929B /* LineupList.swift */; };
		AD07230F2940B2A9009F929B /* HomeBackup.swift in Sources */ = {isa = PBXBuildFile; fileRef = AD07230B2940B2A9009F929B /* HomeBackup.swift */; };
		AD0723102940B2A9009F929B /* HomeLineup.swift in Sources */ = {isa = PBXBuildFile; fileRef = AD07230C2940B2A9009F929B /* HomeLineup.swift */; };
		AD0723112940B2A9009F929B /* AwayBackup.swift in Sources */ = {isa = PBXBuildFile; fileRef = AD07230D2940B2A9009F929B /* AwayBackup.swift */; };
		AD0723122940B2A9009F929B /* AwayLineup.swift in Sources */ = {isa = PBXBuildFile; fileRef = AD07230E2940B2A9009F929B /* AwayLineup.swift */; };
		AD0723152940B38C009F929B /* HomeViewController.swift in Sources */ = {isa = PBXBuildFile; fileRef = AD0723142940B38C009F929B /* HomeViewController.swift */; };
		AD0723172940BAE5009F929B /* Colors.xcassets in Resources */ = {isa = PBXBuildFile; fileRef = AD0723162940BAE5009F929B /* Colors.xcassets */; };
		AD07231C2940CD76009F929B /* Sen-ExtraBold.ttf in Resources */ = {isa = PBXBuildFile; fileRef = AD0723192940CD76009F929B /* Sen-ExtraBold.ttf */; };
		AD07231D2940CD76009F929B /* Sen-Bold.ttf in Resources */ = {isa = PBXBuildFile; fileRef = AD07231A2940CD76009F929B /* Sen-Bold.ttf */; };
		AD07231E2940CD76009F929B /* Sen-Regular.ttf in Resources */ = {isa = PBXBuildFile; fileRef = AD07231B2940CD76009F929B /* Sen-Regular.ttf */; };
		AD0959F229436A46001FCF7E /* ThanksViewController.swift in Sources */ = {isa = PBXBuildFile; fileRef = AD0959F129436A46001FCF7E /* ThanksViewController.swift */; };
		AD5062912941FCE30021BF6F /* QuestionsViewController.swift in Sources */ = {isa = PBXBuildFile; fileRef = AD5062902941FCE30021BF6F /* QuestionsViewController.swift */; };
		AD5062952941FFA80021BF6F /* QuestionTableViewCell.swift in Sources */ = {isa = PBXBuildFile; fileRef = AD5062932941FFA80021BF6F /* QuestionTableViewCell.swift */; };
		AD5062962941FFA80021BF6F /* QuestionTableViewCell.xib in Resources */ = {isa = PBXBuildFile; fileRef = AD5062942941FFA80021BF6F /* QuestionTableViewCell.xib */; };
		AD50629A294217FA0021BF6F /* OptionsTableViewCell.swift in Sources */ = {isa = PBXBuildFile; fileRef = AD506298294217FA0021BF6F /* OptionsTableViewCell.swift */; };
		AD50629B294217FA0021BF6F /* OptionsTableViewCell.xib in Resources */ = {isa = PBXBuildFile; fileRef = AD506299294217FA0021BF6F /* OptionsTableViewCell.xib */; };
		AD6189EC294470F200C9832F /* RankTableViewCell.swift in Sources */ = {isa = PBXBuildFile; fileRef = AD6189EA294470F200C9832F /* RankTableViewCell.swift */; };
		AD6189ED294470F200C9832F /* RankTableViewCell.xib in Resources */ = {isa = PBXBuildFile; fileRef = AD6189EB294470F200C9832F /* RankTableViewCell.xib */; };
		AD6189F12944907200C9832F /* SettingsTableViewCell.swift in Sources */ = {isa = PBXBuildFile; fileRef = AD6189EF2944907200C9832F /* SettingsTableViewCell.swift */; };
		AD6189F22944907200C9832F /* SettingsTableViewCell.xib in Resources */ = {isa = PBXBuildFile; fileRef = AD6189F02944907200C9832F /* SettingsTableViewCell.xib */; };
		AD6189F5294497B500C9832F /* RankingViewController.swift in Sources */ = {isa = PBXBuildFile; fileRef = AD6189F4294497B500C9832F /* RankingViewController.swift */; };
		AD88316829484B5F009C0B3F /* Localizable.strings in Resources */ = {isa = PBXBuildFile; fileRef = AD88316A29484B5F009C0B3F /* Localizable.strings */; };
		AD9D5B202941B03E0022428A /* PlayerCollectionViewCell.swift in Sources */ = {isa = PBXBuildFile; fileRef = AD9D5B1E2941B03E0022428A /* PlayerCollectionViewCell.swift */; };
		AD9D5B212941B03E0022428A /* PlayerCollectionViewCell.xib in Resources */ = {isa = PBXBuildFile; fileRef = AD9D5B1F2941B03E0022428A /* PlayerCollectionViewCell.xib */; };
		AD9D5B272941B4ED0022428A /* PointsView.xib in Resources */ = {isa = PBXBuildFile; fileRef = AD9D5B262941B4ED0022428A /* PointsView.xib */; };
		AD9D5B292941B5340022428A /* PointsView.swift in Sources */ = {isa = PBXBuildFile; fileRef = AD9D5B282941B5340022428A /* PointsView.swift */; };
		AD9D5B2D2941BBF00022428A /* LocalPlayer.swift in Sources */ = {isa = PBXBuildFile; fileRef = AD9D5B2C2941BBF00022428A /* LocalPlayer.swift */; };
		ADD6EFFA29433FA80071C2D7 /* QuestionsViewModel.swift in Sources */ = {isa = PBXBuildFile; fileRef = ADD6EFF929433FA80071C2D7 /* QuestionsViewModel.swift */; };
		ADD6EFFD294356A00071C2D7 /* quiz.json in Resources */ = {isa = PBXBuildFile; fileRef = ADD6EFFC2943569F0071C2D7 /* quiz.json */; };
		ADEB7DE2294C4EC2002E21C6 /* InfoPlist.strings in Resources */ = {isa = PBXBuildFile; fileRef = ADEB7DE4294C4EC2002E21C6 /* InfoPlist.strings */; };
		ADFE477F2944AAF4004AC954 /* SettingsViewController.swift in Sources */ = {isa = PBXBuildFile; fileRef = ADFE477E2944AAF4004AC954 /* SettingsViewController.swift */; };
		ADFE47822944B518004AC954 /* OnboardingViewController.swift in Sources */ = {isa = PBXBuildFile; fileRef = ADFE47812944B518004AC954 /* OnboardingViewController.swift */; };
		ADFE47862944B554004AC954 /* OnboardingCollectionViewCell.swift in Sources */ = {isa = PBXBuildFile; fileRef = ADFE47842944B554004AC954 /* OnboardingCollectionViewCell.swift */; };
		ADFE47872944B554004AC954 /* OnboardingCollectionViewCell.xib in Resources */ = {isa = PBXBuildFile; fileRef = ADFE47852944B554004AC954 /* OnboardingCollectionViewCell.xib */; };
/* End PBXBuildFile section */

/* Begin PBXContainerItemProxy section */
		AD07226A2940866C009F929B /* PBXContainerItemProxy */ = {
			isa = PBXContainerItemProxy;
			containerPortal = AD07224B2940866B009F929B /* Project object */;
			proxyType = 1;
			remoteGlobalIDString = AD0722522940866B009F929B;
			remoteInfo = "Instant sports Quiz";
		};
		AD0722742940866C009F929B /* PBXContainerItemProxy */ = {
			isa = PBXContainerItemProxy;
			containerPortal = AD07224B2940866B009F929B /* Project object */;
			proxyType = 1;
			remoteGlobalIDString = AD0722522940866B009F929B;
			remoteInfo = "Instant sports Quiz";
		};
/* End PBXContainerItemProxy section */

/* Begin PBXFileReference section */
		0A4410B09AA46BC3D6DB9ED5 /* Pods-Instant sports Quiz-Instant sports QuizUITests.debug.xcconfig */ = {isa = PBXFileReference; includeInIndex = 1; lastKnownFileType = text.xcconfig; name = "Pods-Instant sports Quiz-Instant sports QuizUITests.debug.xcconfig"; path = "Target Support Files/Pods-Instant sports Quiz-Instant sports QuizUITests/Pods-Instant sports Quiz-Instant sports QuizUITests.debug.xcconfig"; sourceTree = "<group>"; };
		4F758808FD3799CBD8C314EA /* Pods-Instant sports QuizTests.debug.xcconfig */ = {isa = PBXFileReference; includeInIndex = 1; lastKnownFileType = text.xcconfig; name = "Pods-Instant sports QuizTests.debug.xcconfig"; path = "Target Support Files/Pods-Instant sports QuizTests/Pods-Instant sports QuizTests.debug.xcconfig"; sourceTree = "<group>"; };
		5EC412553F12D789BCB87F5C /* Pods-Instant sports Quiz.debug.xcconfig */ = {isa = PBXFileReference; includeInIndex = 1; lastKnownFileType = text.xcconfig; name = "Pods-Instant sports Quiz.debug.xcconfig"; path = "Target Support Files/Pods-Instant sports Quiz/Pods-Instant sports Quiz.debug.xcconfig"; sourceTree = "<group>"; };
		6A9E64DF6DFB415CA74BD894 /* Pods-Instant sports Quiz.release.xcconfig */ = {isa = PBXFileReference; includeInIndex = 1; lastKnownFileType = text.xcconfig; name = "Pods-Instant sports Quiz.release.xcconfig"; path = "Target Support Files/Pods-Instant sports Quiz/Pods-Instant sports Quiz.release.xcconfig"; sourceTree = "<group>"; };
		98A1308817AA3F972C4E4740 /* Pods-Instant sports QuizTests.release.xcconfig */ = {isa = PBXFileReference; includeInIndex = 1; lastKnownFileType = text.xcconfig; name = "Pods-Instant sports QuizTests.release.xcconfig"; path = "Target Support Files/Pods-Instant sports QuizTests/Pods-Instant sports QuizTests.release.xcconfig"; sourceTree = "<group>"; };
		A1F9EE28C8D0613D7577ECE5 /* Pods-Instant sports Quiz-Instant sports QuizUITests.release.xcconfig */ = {isa = PBXFileReference; includeInIndex = 1; lastKnownFileType = text.xcconfig; name = "Pods-Instant sports Quiz-Instant sports QuizUITests.release.xcconfig"; path = "Target Support Files/Pods-Instant sports Quiz-Instant sports QuizUITests/Pods-Instant sports Quiz-Instant sports QuizUITests.release.xcconfig"; sourceTree = "<group>"; };
		AD0722532940866B009F929B /* Instant sports Quiz.app */ = {isa = PBXFileReference; explicitFileType = wrapper.application; includeInIndex = 0; path = "Instant sports Quiz.app"; sourceTree = BUILT_PRODUCTS_DIR; };
		AD0722562940866B009F929B /* AppDelegate.swift */ = {isa = PBXFileReference; lastKnownFileType = sourcecode.swift; path = AppDelegate.swift; sourceTree = "<group>"; };
		AD07225D2940866B009F929B /* Base */ = {isa = PBXFileReference; lastKnownFileType = file.storyboard; name = Base; path = Base.lproj/Main.storyboard; sourceTree = "<group>"; };
		AD07225F2940866C009F929B /* Assets.xcassets */ = {isa = PBXFileReference; lastKnownFileType = folder.assetcatalog; path = Assets.xcassets; sourceTree = "<group>"; };
		AD0722622940866C009F929B /* Base */ = {isa = PBXFileReference; lastKnownFileType = file.storyboard; name = Base; path = Base.lproj/LaunchScreen.storyboard; sourceTree = "<group>"; };
		AD0722642940866C009F929B /* Info.plist */ = {isa = PBXFileReference; lastKnownFileType = text.plist.xml; path = Info.plist; sourceTree = "<group>"; };
		AD0722692940866C009F929B /* Instant sports QuizTests.xctest */ = {isa = PBXFileReference; explicitFileType = wrapper.cfbundle; includeInIndex = 0; path = "Instant sports QuizTests.xctest"; sourceTree = BUILT_PRODUCTS_DIR; };
		AD07226D2940866C009F929B /* Instant_sports_QuizTests.swift */ = {isa = PBXFileReference; lastKnownFileType = sourcecode.swift; path = Instant_sports_QuizTests.swift; sourceTree = "<group>"; };
		AD0722732940866C009F929B /* Instant sports QuizUITests.xctest */ = {isa = PBXFileReference; explicitFileType = wrapper.cfbundle; includeInIndex = 0; path = "Instant sports QuizUITests.xctest"; sourceTree = BUILT_PRODUCTS_DIR; };
		AD0722772940866C009F929B /* Instant_sports_QuizUITests.swift */ = {isa = PBXFileReference; lastKnownFileType = sourcecode.swift; path = Instant_sports_QuizUITests.swift; sourceTree = "<group>"; };
		AD0722792940866C009F929B /* Instant_sports_QuizUITestsLaunchTests.swift */ = {isa = PBXFileReference; lastKnownFileType = sourcecode.swift; path = Instant_sports_QuizUITestsLaunchTests.swift; sourceTree = "<group>"; };
		AD07228729409A4D009F929B /* EndPoints.swift */ = {isa = PBXFileReference; fileEncoding = 4; lastKnownFileType = sourcecode.swift; path = EndPoints.swift; sourceTree = "<group>"; };
		AD07228829409A4D009F929B /* UploadFile.swift */ = {isa = PBXFileReference; fileEncoding = 4; lastKnownFileType = sourcecode.swift; path = UploadFile.swift; sourceTree = "<group>"; };
		AD07228929409A4D009F929B /* Environment.swift */ = {isa = PBXFileReference; fileEncoding = 4; lastKnownFileType = sourcecode.swift; path = Environment.swift; sourceTree = "<group>"; };
		AD07228A29409A4D009F929B /* BaseUrl.swift */ = {isa = PBXFileReference; fileEncoding = 4; lastKnownFileType = sourcecode.swift; path = BaseUrl.swift; sourceTree = "<group>"; };
		AD07228B29409A4D009F929B /* WebService.swift */ = {isa = PBXFileReference; fileEncoding = 4; lastKnownFileType = sourcecode.swift; path = WebService.swift; sourceTree = "<group>"; };
		AD07229029409A4D009F929B /* HomeAPI.swift */ = {isa = PBXFileReference; fileEncoding = 4; lastKnownFileType = sourcecode.swift; path = HomeAPI.swift; sourceTree = "<group>"; };
		AD07229B29409A65009F929B /* Constants.swift */ = {isa = PBXFileReference; fileEncoding = 4; lastKnownFileType = sourcecode.swift; path = Constants.swift; sourceTree = "<group>"; };
		AD07229D29409A65009F929B /* RoundShadowView.swift */ = {isa = PBXFileReference; fileEncoding = 4; lastKnownFileType = sourcecode.swift; path = RoundShadowView.swift; sourceTree = "<group>"; };
		AD07229E29409A65009F929B /* BaseViewController.swift */ = {isa = PBXFileReference; fileEncoding = 4; lastKnownFileType = sourcecode.swift; path = BaseViewController.swift; sourceTree = "<group>"; };
		AD07229F29409A65009F929B /* RoundView.swift */ = {isa = PBXFileReference; fileEncoding = 4; lastKnownFileType = sourcecode.swift; path = RoundView.swift; sourceTree = "<group>"; };
		AD0722A029409A65009F929B /* MainTabBarController.swift */ = {isa = PBXFileReference; fileEncoding = 4; lastKnownFileType = sourcecode.swift; path = MainTabBarController.swift; sourceTree = "<group>"; };
		AD0722A129409A65009F929B /* CustomTabBar.swift */ = {isa = PBXFileReference; fileEncoding = 4; lastKnownFileType = sourcecode.swift; path = CustomTabBar.swift; sourceTree = "<group>"; };
		AD0722A229409A65009F929B /* RoundedCornerImage.swift */ = {isa = PBXFileReference; fileEncoding = 4; lastKnownFileType = sourcecode.swift; path = RoundedCornerImage.swift; sourceTree = "<group>"; };
		AD0722A429409A65009F929B /* UIApplication+Extension.swift */ = {isa = PBXFileReference; fileEncoding = 4; lastKnownFileType = sourcecode.swift; path = "UIApplication+Extension.swift"; sourceTree = "<group>"; };
		AD0722A529409A65009F929B /* UIImageView+Extension.swift */ = {isa = PBXFileReference; fileEncoding = 4; lastKnownFileType = sourcecode.swift; path = "UIImageView+Extension.swift"; sourceTree = "<group>"; };
		AD0722A629409A65009F929B /* UIColor+Extension.swift */ = {isa = PBXFileReference; fileEncoding = 4; lastKnownFileType = sourcecode.swift; path = "UIColor+Extension.swift"; sourceTree = "<group>"; };
		AD0722A729409A65009F929B /* Date+Extension.swift */ = {isa = PBXFileReference; fileEncoding = 4; lastKnownFileType = sourcecode.swift; path = "Date+Extension.swift"; sourceTree = "<group>"; };
		AD0722A829409A65009F929B /* UIView+Extension.swift */ = {isa = PBXFileReference; fileEncoding = 4; lastKnownFileType = sourcecode.swift; path = "UIView+Extension.swift"; sourceTree = "<group>"; };
		AD0722A929409A65009F929B /* UINavigationController+Extension.swift */ = {isa = PBXFileReference; fileEncoding = 4; lastKnownFileType = sourcecode.swift; path = "UINavigationController+Extension.swift"; sourceTree = "<group>"; };
		AD0722AA29409A65009F929B /* URL+Extension.swift */ = {isa = PBXFileReference; fileEncoding = 4; lastKnownFileType = sourcecode.swift; path = "URL+Extension.swift"; sourceTree = "<group>"; };
		AD0722AB29409A65009F929B /* UIViewController+Extension.swift */ = {isa = PBXFileReference; fileEncoding = 4; lastKnownFileType = sourcecode.swift; path = "UIViewController+Extension.swift"; sourceTree = "<group>"; };
		AD0722AC29409A65009F929B /* String+Extension.swift */ = {isa = PBXFileReference; fileEncoding = 4; lastKnownFileType = sourcecode.swift; path = "String+Extension.swift"; sourceTree = "<group>"; };
		AD0722AD29409A65009F929B /* UISegmentedControl+Extension.swift */ = {isa = PBXFileReference; fileEncoding = 4; lastKnownFileType = sourcecode.swift; path = "UISegmentedControl+Extension.swift"; sourceTree = "<group>"; };
		AD0722AF29409A65009F929B /* UIPageControllerExtension.swift */ = {isa = PBXFileReference; fileEncoding = 4; lastKnownFileType = sourcecode.swift; path = UIPageControllerExtension.swift; sourceTree = "<group>"; };
		AD0722B029409A65009F929B /* Dictionary+Extension.swift */ = {isa = PBXFileReference; fileEncoding = 4; lastKnownFileType = sourcecode.swift; path = "Dictionary+Extension.swift"; sourceTree = "<group>"; };
		AD0722B129409A65009F929B /* Data+Extension.swift */ = {isa = PBXFileReference; fileEncoding = 4; lastKnownFileType = sourcecode.swift; path = "Data+Extension.swift"; sourceTree = "<group>"; };
		AD0722B229409A65009F929B /* UIImageExtension.swift */ = {isa = PBXFileReference; fileEncoding = 4; lastKnownFileType = sourcecode.swift; path = UIImageExtension.swift; sourceTree = "<group>"; };
		AD0722B329409A65009F929B /* CollectionViewExtension.swift */ = {isa = PBXFileReference; fileEncoding = 4; lastKnownFileType = sourcecode.swift; path = CollectionViewExtension.swift; sourceTree = "<group>"; };
		AD0722B429409A65009F929B /* AppPreferences.swift */ = {isa = PBXFileReference; fileEncoding = 4; lastKnownFileType = sourcecode.swift; path = AppPreferences.swift; sourceTree = "<group>"; };
		AD0722B529409A65009F929B /* Images.swift */ = {isa = PBXFileReference; fileEncoding = 4; lastKnownFileType = sourcecode.swift; path = Images.swift; sourceTree = "<group>"; };
		AD0722B629409A65009F929B /* Utility.swift */ = {isa = PBXFileReference; fileEncoding = 4; lastKnownFileType = sourcecode.swift; path = Utility.swift; sourceTree = "<group>"; };
		AD0722B729409A65009F929B /* SnackView.swift */ = {isa = PBXFileReference; fileEncoding = 4; lastKnownFileType = sourcecode.swift; path = SnackView.swift; sourceTree = "<group>"; };
		AD0722B829409A65009F929B /* Colors.swift */ = {isa = PBXFileReference; fileEncoding = 4; lastKnownFileType = sourcecode.swift; path = Colors.swift; sourceTree = "<group>"; };
		AD0722B929409A65009F929B /* LocationManager.swift */ = {isa = PBXFileReference; fileEncoding = 4; lastKnownFileType = sourcecode.swift; path = LocationManager.swift; sourceTree = "<group>"; };
		AD0722BA29409A65009F929B /* FilePicker.swift */ = {isa = PBXFileReference; fileEncoding = 4; lastKnownFileType = sourcecode.swift; path = FilePicker.swift; sourceTree = "<group>"; };
		AD0722DB29409A76009F929B /* ar */ = {isa = PBXFileReference; lastKnownFileType = text.plist.strings; name = ar; path = ar.lproj/Dialogs.strings; sourceTree = "<group>"; };
		AD0722DC29409A76009F929B /* zh-Hans */ = {isa = PBXFileReference; lastKnownFileType = text.plist.strings; name = "zh-Hans"; path = "zh-Hans.lproj/Dialogs.strings"; sourceTree = "<group>"; };
		AD0722DD29409A76009F929B /* en */ = {isa = PBXFileReference; lastKnownFileType = text.plist.strings; name = en; path = en.lproj/Dialogs.strings; sourceTree = "<group>"; };
		AD0722DF29409A76009F929B /* MatchOptionsViewController.swift */ = {isa = PBXFileReference; fileEncoding = 4; lastKnownFileType = sourcecode.swift; path = MatchOptionsViewController.swift; sourceTree = "<group>"; };
		AD0722E129409A76009F929B /* Base */ = {isa = PBXFileReference; lastKnownFileType = file.storyboard; name = Base; path = Base.lproj/Dialogs.storyboard; sourceTree = "<group>"; };
		AD0722E229409A76009F929B /* SuccessfullDialog.swift */ = {isa = PBXFileReference; fileEncoding = 4; lastKnownFileType = sourcecode.swift; path = SuccessfullDialog.swift; sourceTree = "<group>"; };
		AD0722E329409A76009F929B /* ConfirmationViewController.swift */ = {isa = PBXFileReference; fileEncoding = 4; lastKnownFileType = sourcecode.swift; path = ConfirmationViewController.swift; sourceTree = "<group>"; };
		AD0722E429409A76009F929B /* vi */ = {isa = PBXFileReference; lastKnownFileType = text.plist.strings; name = vi; path = vi.lproj/Dialogs.strings; sourceTree = "<group>"; };
		AD0722E529409A76009F929B /* id */ = {isa = PBXFileReference; lastKnownFileType = text.plist.strings; name = id; path = id.lproj/Dialogs.strings; sourceTree = "<group>"; };
		AD0722E629409A76009F929B /* th */ = {isa = PBXFileReference; lastKnownFileType = text.plist.strings; name = th; path = th.lproj/Dialogs.strings; sourceTree = "<group>"; };
		AD0722E829409A76009F929B /* Dialog.swift */ = {isa = PBXFileReference; fileEncoding = 4; lastKnownFileType = sourcecode.swift; path = Dialog.swift; sourceTree = "<group>"; };
		AD0722F329409B55009F929B /* LaunchesViewController.swift */ = {isa = PBXFileReference; fileEncoding = 4; lastKnownFileType = sourcecode.swift; path = LaunchesViewController.swift; sourceTree = "<group>"; };
		AD0722F629409B80009F929B /* WebViewViewController.swift */ = {isa = PBXFileReference; fileEncoding = 4; lastKnownFileType = sourcecode.swift; path = WebViewViewController.swift; sourceTree = "<group>"; };
		AD0722FA2940B1F1009F929B /* Mapping.swift */ = {isa = PBXFileReference; fileEncoding = 4; lastKnownFileType = sourcecode.swift; path = Mapping.swift; sourceTree = "<group>"; };
		AD0722FB2940B1F1009F929B /* Region.swift */ = {isa = PBXFileReference; fileEncoding = 4; lastKnownFileType = sourcecode.swift; path = Region.swift; sourceTree = "<group>"; };
		AD0722FC2940B1F1009F929B /* UrlDetails.swift */ = {isa = PBXFileReference; fileEncoding = 4; lastKnownFileType = sourcecode.swift; path = UrlDetails.swift; sourceTree = "<group>"; };
		AD0722FD2940B1F1009F929B /* InitField.swift */ = {isa = PBXFileReference; fileEncoding = 4; lastKnownFileType = sourcecode.swift; path = InitField.swift; sourceTree = "<group>"; };
		AD0722FE2940B1F1009F929B /* Prompt.swift */ = {isa = PBXFileReference; fileEncoding = 4; lastKnownFileType = sourcecode.swift; path = Prompt.swift; sourceTree = "<group>"; };
		AD0722FF2940B1F1009F929B /* Banner.swift */ = {isa = PBXFileReference; fileEncoding = 4; lastKnownFileType = sourcecode.swift; path = Banner.swift; sourceTree = "<group>"; };
		AD0723072940B244009F929B /* LinupResponse.swift */ = {isa = PBXFileReference; fileEncoding = 4; lastKnownFileType = sourcecode.swift; path = LinupResponse.swift; sourceTree = "<group>"; };
		AD0723092940B24A009F929B /* LineupList.swift */ = {isa = PBXFileReference; fileEncoding = 4; lastKnownFileType = sourcecode.swift; path = LineupList.swift; sourceTree = "<group>"; };
		AD07230B2940B2A9009F929B /* HomeBackup.swift */ = {isa = PBXFileReference; fileEncoding = 4; lastKnownFileType = sourcecode.swift; path = HomeBackup.swift; sourceTree = "<group>"; };
		AD07230C2940B2A9009F929B /* HomeLineup.swift */ = {isa = PBXFileReference; fileEncoding = 4; lastKnownFileType = sourcecode.swift; path = HomeLineup.swift; sourceTree = "<group>"; };
		AD07230D2940B2A9009F929B /* AwayBackup.swift */ = {isa = PBXFileReference; fileEncoding = 4; lastKnownFileType = sourcecode.swift; path = AwayBackup.swift; sourceTree = "<group>"; };
		AD07230E2940B2A9009F929B /* AwayLineup.swift */ = {isa = PBXFileReference; fileEncoding = 4; lastKnownFileType = sourcecode.swift; path = AwayLineup.swift; sourceTree = "<group>"; };
		AD0723142940B38C009F929B /* HomeViewController.swift */ = {isa = PBXFileReference; lastKnownFileType = sourcecode.swift; name = HomeViewController.swift; path = "Instant sports Quiz/Controllers/Home/HomeViewController.swift"; sourceTree = SOURCE_ROOT; };
		AD0723162940BAE5009F929B /* Colors.xcassets */ = {isa = PBXFileReference; lastKnownFileType = folder.assetcatalog; path = Colors.xcassets; sourceTree = "<group>"; };
		AD0723192940CD76009F929B /* Sen-ExtraBold.ttf */ = {isa = PBXFileReference; lastKnownFileType = file; path = "Sen-ExtraBold.ttf"; sourceTree = "<group>"; };
		AD07231A2940CD76009F929B /* Sen-Bold.ttf */ = {isa = PBXFileReference; lastKnownFileType = file; path = "Sen-Bold.ttf"; sourceTree = "<group>"; };
		AD07231B2940CD76009F929B /* Sen-Regular.ttf */ = {isa = PBXFileReference; lastKnownFileType = file; path = "Sen-Regular.ttf"; sourceTree = "<group>"; };
		AD0959F129436A46001FCF7E /* ThanksViewController.swift */ = {isa = PBXFileReference; lastKnownFileType = sourcecode.swift; path = ThanksViewController.swift; sourceTree = "<group>"; };
		AD5062902941FCE30021BF6F /* QuestionsViewController.swift */ = {isa = PBXFileReference; lastKnownFileType = sourcecode.swift; path = QuestionsViewController.swift; sourceTree = "<group>"; };
		AD5062932941FFA80021BF6F /* QuestionTableViewCell.swift */ = {isa = PBXFileReference; lastKnownFileType = sourcecode.swift; path = QuestionTableViewCell.swift; sourceTree = "<group>"; };
		AD5062942941FFA80021BF6F /* QuestionTableViewCell.xib */ = {isa = PBXFileReference; lastKnownFileType = file.xib; path = QuestionTableViewCell.xib; sourceTree = "<group>"; };
		AD506298294217FA0021BF6F /* OptionsTableViewCell.swift */ = {isa = PBXFileReference; lastKnownFileType = sourcecode.swift; path = OptionsTableViewCell.swift; sourceTree = "<group>"; };
		AD506299294217FA0021BF6F /* OptionsTableViewCell.xib */ = {isa = PBXFileReference; lastKnownFileType = file.xib; path = OptionsTableViewCell.xib; sourceTree = "<group>"; };
		AD6189EA294470F200C9832F /* RankTableViewCell.swift */ = {isa = PBXFileReference; lastKnownFileType = sourcecode.swift; path = RankTableViewCell.swift; sourceTree = "<group>"; };
		AD6189EB294470F200C9832F /* RankTableViewCell.xib */ = {isa = PBXFileReference; lastKnownFileType = file.xib; path = RankTableViewCell.xib; sourceTree = "<group>"; };
		AD6189EF2944907200C9832F /* SettingsTableViewCell.swift */ = {isa = PBXFileReference; lastKnownFileType = sourcecode.swift; path = SettingsTableViewCell.swift; sourceTree = "<group>"; };
		AD6189F02944907200C9832F /* SettingsTableViewCell.xib */ = {isa = PBXFileReference; lastKnownFileType = file.xib; path = SettingsTableViewCell.xib; sourceTree = "<group>"; };
		AD6189F4294497B500C9832F /* RankingViewController.swift */ = {isa = PBXFileReference; lastKnownFileType = sourcecode.swift; path = RankingViewController.swift; sourceTree = "<group>"; };
		AD88316329484618009C0B3F /* en */ = {isa = PBXFileReference; lastKnownFileType = text.plist.strings; name = en; path = en.lproj/Main.strings; sourceTree = "<group>"; };
		AD88316529484649009C0B3F /* zh-Hans */ = {isa = PBXFileReference; lastKnownFileType = text.plist.strings; name = "zh-Hans"; path = "zh-Hans.lproj/Main.strings"; sourceTree = "<group>"; };
		AD88316929484B5F009C0B3F /* en */ = {isa = PBXFileReference; lastKnownFileType = text.plist.strings; name = en; path = en.lproj/Localizable.strings; sourceTree = "<group>"; };
		AD88316B29484B61009C0B3F /* zh-Hans */ = {isa = PBXFileReference; lastKnownFileType = text.plist.strings; name = "zh-Hans"; path = "zh-Hans.lproj/Localizable.strings"; sourceTree = "<group>"; };
		AD9D5B1E2941B03E0022428A /* PlayerCollectionViewCell.swift */ = {isa = PBXFileReference; lastKnownFileType = sourcecode.swift; path = PlayerCollectionViewCell.swift; sourceTree = "<group>"; };
		AD9D5B1F2941B03E0022428A /* PlayerCollectionViewCell.xib */ = {isa = PBXFileReference; lastKnownFileType = file.xib; path = PlayerCollectionViewCell.xib; sourceTree = "<group>"; };
		AD9D5B262941B4ED0022428A /* PointsView.xib */ = {isa = PBXFileReference; lastKnownFileType = file.xib; path = PointsView.xib; sourceTree = "<group>"; };
		AD9D5B282941B5340022428A /* PointsView.swift */ = {isa = PBXFileReference; lastKnownFileType = sourcecode.swift; path = PointsView.swift; sourceTree = "<group>"; };
		AD9D5B2C2941BBF00022428A /* LocalPlayer.swift */ = {isa = PBXFileReference; lastKnownFileType = sourcecode.swift; path = LocalPlayer.swift; sourceTree = "<group>"; };
		ADD6EFF929433FA80071C2D7 /* QuestionsViewModel.swift */ = {isa = PBXFileReference; lastKnownFileType = sourcecode.swift; path = QuestionsViewModel.swift; sourceTree = "<group>"; };
		ADD6EFFC2943569F0071C2D7 /* quiz.json */ = {isa = PBXFileReference; fileEncoding = 4; lastKnownFileType = text.json; path = quiz.json; sourceTree = "<group>"; };
		ADEB7DE3294C4EC2002E21C6 /* en */ = {isa = PBXFileReference; lastKnownFileType = text.plist.strings; name = en; path = en.lproj/InfoPlist.strings; sourceTree = "<group>"; };
		ADEB7DE5294C4EC6002E21C6 /* zh-Hans */ = {isa = PBXFileReference; lastKnownFileType = text.plist.strings; name = "zh-Hans"; path = "zh-Hans.lproj/InfoPlist.strings"; sourceTree = "<group>"; };
		ADFE477E2944AAF4004AC954 /* SettingsViewController.swift */ = {isa = PBXFileReference; lastKnownFileType = sourcecode.swift; path = SettingsViewController.swift; sourceTree = "<group>"; };
		ADFE47812944B518004AC954 /* OnboardingViewController.swift */ = {isa = PBXFileReference; fileEncoding = 4; lastKnownFileType = sourcecode.swift; path = OnboardingViewController.swift; sourceTree = "<group>"; };
		ADFE47842944B554004AC954 /* OnboardingCollectionViewCell.swift */ = {isa = PBXFileReference; fileEncoding = 4; lastKnownFileType = sourcecode.swift; path = OnboardingCollectionViewCell.swift; sourceTree = "<group>"; };
		ADFE47852944B554004AC954 /* OnboardingCollectionViewCell.xib */ = {isa = PBXFileReference; fileEncoding = 4; lastKnownFileType = file.xib; path = OnboardingCollectionViewCell.xib; sourceTree = "<group>"; };
		C519701E2BDB0F78D90BAB9D /* Pods_Instant_sports_Quiz.framework */ = {isa = PBXFileReference; explicitFileType = wrapper.framework; includeInIndex = 0; path = Pods_Instant_sports_Quiz.framework; sourceTree = BUILT_PRODUCTS_DIR; };
		E3E558BC13289FD447AAAC15 /* Pods_Instant_sports_Quiz_Instant_sports_QuizUITests.framework */ = {isa = PBXFileReference; explicitFileType = wrapper.framework; includeInIndex = 0; path = Pods_Instant_sports_Quiz_Instant_sports_QuizUITests.framework; sourceTree = BUILT_PRODUCTS_DIR; };
		FB006C8E2727BB85B6EA9E23 /* Pods_Instant_sports_QuizTests.framework */ = {isa = PBXFileReference; explicitFileType = wrapper.framework; includeInIndex = 0; path = Pods_Instant_sports_QuizTests.framework; sourceTree = BUILT_PRODUCTS_DIR; };
/* End PBXFileReference section */

/* Begin PBXFrameworksBuildPhase section */
		AD0722502940866B009F929B /* Frameworks */ = {
			isa = PBXFrameworksBuildPhase;
			buildActionMask = 2147483647;
			files = (
				183FE564469D626AD1366999 /* Pods_Instant_sports_Quiz.framework in Frameworks */,
			);
			runOnlyForDeploymentPostprocessing = 0;
		};
		AD0722662940866C009F929B /* Frameworks */ = {
			isa = PBXFrameworksBuildPhase;
			buildActionMask = 2147483647;
			files = (
				95242179EA0A536D3C6C6140 /* Pods_Instant_sports_QuizTests.framework in Frameworks */,
			);
			runOnlyForDeploymentPostprocessing = 0;
		};
		AD0722702940866C009F929B /* Frameworks */ = {
			isa = PBXFrameworksBuildPhase;
			buildActionMask = 2147483647;
			files = (
				21AE2F2EACEC1E760D2D536B /* Pods_Instant_sports_Quiz_Instant_sports_QuizUITests.framework in Frameworks */,
			);
			runOnlyForDeploymentPostprocessing = 0;
		};
/* End PBXFrameworksBuildPhase section */

/* Begin PBXGroup section */
		AD07224A2940866B009F929B = {
			isa = PBXGroup;
			children = (
				AD0722552940866B009F929B /* Instant sports Quiz */,
				AD07226C2940866C009F929B /* Instant sports QuizTests */,
				AD0722762940866C009F929B /* Instant sports QuizUITests */,
				AD0722542940866B009F929B /* Products */,
				D191100582D68F1D584B2D7B /* Pods */,
				E4C558EC3FD08D1520E53433 /* Frameworks */,
			);
			sourceTree = "<group>";
		};
		AD0722542940866B009F929B /* Products */ = {
			isa = PBXGroup;
			children = (
				AD0722532940866B009F929B /* Instant sports Quiz.app */,
				AD0722692940866C009F929B /* Instant sports QuizTests.xctest */,
				AD0722732940866C009F929B /* Instant sports QuizUITests.xctest */,
			);
			name = Products;
			sourceTree = "<group>";
		};
		AD0722552940866B009F929B /* Instant sports Quiz */ = {
			isa = PBXGroup;
			children = (
				AD0722562940866B009F929B /* AppDelegate.swift */,
				ADEB7DE4294C4EC2002E21C6 /* InfoPlist.strings */,
				AD88316A29484B5F009C0B3F /* Localizable.strings */,
				AD0723182940CC9F009F929B /* Fonts */,
				AD07228629409A4D009F929B /* API Manager */,
				AD07229A29409A65009F929B /* Utilities */,
				AD0722D929409A76009F929B /* Dialogs */,
				AD0722F129409B31009F929B /* Controllers */,
				AD0722F829409F4F009F929B /* Models */,
				AD9D5B1C2941AFE40022428A /* View */,
				AD07225F2940866C009F929B /* Assets.xcassets */,
				AD0723162940BAE5009F929B /* Colors.xcassets */,
				ADD6EFFC2943569F0071C2D7 /* quiz.json */,
				AD07225C2940866B009F929B /* Main.storyboard */,
				AD0722612940866C009F929B /* LaunchScreen.storyboard */,
				AD0722642940866C009F929B /* Info.plist */,
			);
			path = "Instant sports Quiz";
			sourceTree = "<group>";
		};
		AD07226C2940866C009F929B /* Instant sports QuizTests */ = {
			isa = PBXGroup;
			children = (
				AD07226D2940866C009F929B /* Instant_sports_QuizTests.swift */,
			);
			path = "Instant sports QuizTests";
			sourceTree = "<group>";
		};
		AD0722762940866C009F929B /* Instant sports QuizUITests */ = {
			isa = PBXGroup;
			children = (
				AD0722772940866C009F929B /* Instant_sports_QuizUITests.swift */,
				AD0722792940866C009F929B /* Instant_sports_QuizUITestsLaunchTests.swift */,
			);
			path = "Instant sports QuizUITests";
			sourceTree = "<group>";
		};
		AD07228629409A4D009F929B /* API Manager */ = {
			isa = PBXGroup;
			children = (
				AD07228729409A4D009F929B /* EndPoints.swift */,
				AD07228829409A4D009F929B /* UploadFile.swift */,
				AD07228929409A4D009F929B /* Environment.swift */,
				AD07228A29409A4D009F929B /* BaseUrl.swift */,
				AD07228B29409A4D009F929B /* WebService.swift */,
				AD07228C29409A4D009F929B /* API */,
			);
			path = "API Manager";
			sourceTree = "<group>";
		};
		AD07228C29409A4D009F929B /* API */ = {
			isa = PBXGroup;
			children = (
				AD07229029409A4D009F929B /* HomeAPI.swift */,
			);
			path = API;
			sourceTree = "<group>";
		};
		AD07229A29409A65009F929B /* Utilities */ = {
			isa = PBXGroup;
			children = (
				AD07229B29409A65009F929B /* Constants.swift */,
				AD07229C29409A65009F929B /* BaseClasses */,
				AD0722A329409A65009F929B /* Extensions */,
				AD0722B429409A65009F929B /* AppPreferences.swift */,
				AD0722B529409A65009F929B /* Images.swift */,
				AD0722B629409A65009F929B /* Utility.swift */,
				AD0722B729409A65009F929B /* SnackView.swift */,
				AD0722B829409A65009F929B /* Colors.swift */,
				AD0722B929409A65009F929B /* LocationManager.swift */,
				AD0722BA29409A65009F929B /* FilePicker.swift */,
			);
			path = Utilities;
			sourceTree = "<group>";
		};
		AD07229C29409A65009F929B /* BaseClasses */ = {
			isa = PBXGroup;
			children = (
				AD07229D29409A65009F929B /* RoundShadowView.swift */,
				AD07229E29409A65009F929B /* BaseViewController.swift */,
				AD07229F29409A65009F929B /* RoundView.swift */,
				AD0722A029409A65009F929B /* MainTabBarController.swift */,
				AD0722A129409A65009F929B /* CustomTabBar.swift */,
				AD0722A229409A65009F929B /* RoundedCornerImage.swift */,
			);
			path = BaseClasses;
			sourceTree = "<group>";
		};
		AD0722A329409A65009F929B /* Extensions */ = {
			isa = PBXGroup;
			children = (
				AD0722A429409A65009F929B /* UIApplication+Extension.swift */,
				AD0722A529409A65009F929B /* UIImageView+Extension.swift */,
				AD0722A629409A65009F929B /* UIColor+Extension.swift */,
				AD0722A729409A65009F929B /* Date+Extension.swift */,
				AD0722A829409A65009F929B /* UIView+Extension.swift */,
				AD0722A929409A65009F929B /* UINavigationController+Extension.swift */,
				AD0722AA29409A65009F929B /* URL+Extension.swift */,
				AD0722AB29409A65009F929B /* UIViewController+Extension.swift */,
				AD0722AC29409A65009F929B /* String+Extension.swift */,
				AD0722AD29409A65009F929B /* UISegmentedControl+Extension.swift */,
				AD0722AF29409A65009F929B /* UIPageControllerExtension.swift */,
				AD0722B029409A65009F929B /* Dictionary+Extension.swift */,
				AD0722B129409A65009F929B /* Data+Extension.swift */,
				AD0722B229409A65009F929B /* UIImageExtension.swift */,
				AD0722B329409A65009F929B /* CollectionViewExtension.swift */,
			);
			path = Extensions;
			sourceTree = "<group>";
		};
		AD0722D929409A76009F929B /* Dialogs */ = {
			isa = PBXGroup;
			children = (
				AD0722DA29409A76009F929B /* Dialogs.strings */,
				AD0722DF29409A76009F929B /* MatchOptionsViewController.swift */,
				AD0722E029409A76009F929B /* Dialogs.storyboard */,
				AD0722E229409A76009F929B /* SuccessfullDialog.swift */,
				AD0722E329409A76009F929B /* ConfirmationViewController.swift */,
				AD0722E829409A76009F929B /* Dialog.swift */,
			);
			path = Dialogs;
			sourceTree = "<group>";
		};
		AD0722F129409B31009F929B /* Controllers */ = {
			isa = PBXGroup;
			children = (
				ADFE47802944B518004AC954 /* Onboarding */,
				ADFE477D2944AADF004AC954 /* Settings */,
				AD6189F32944978700C9832F /* Ranking */,
				AD0959F029436A1A001FCF7E /* Thanks */,
				ADD6EFFB294341190071C2D7 /* Questions */,
				AD0723132940B372009F929B /* Home */,
				AD0722F529409B80009F929B /* Webview */,
				AD0722F229409B55009F929B /* Launch */,
			);
			path = Controllers;
			sourceTree = "<group>";
		};
		AD0722F229409B55009F929B /* Launch */ = {
			isa = PBXGroup;
			children = (
				AD0722F329409B55009F929B /* LaunchesViewController.swift */,
			);
			path = Launch;
			sourceTree = "<group>";
		};
		AD0722F529409B80009F929B /* Webview */ = {
			isa = PBXGroup;
			children = (
				AD0722F629409B80009F929B /* WebViewViewController.swift */,
			);
			path = Webview;
			sourceTree = "<group>";
		};
		AD0722F829409F4F009F929B /* Models */ = {
			isa = PBXGroup;
			children = (
				AD9D5B2A2941BBC50022428A /* LocalModels */,
				AD0723062940B227009F929B /* Linup */,
				AD0722F92940B1F1009F929B /* Webview */,
			);
			path = Models;
			sourceTree = "<group>";
		};
		AD0722F92940B1F1009F929B /* Webview */ = {
			isa = PBXGroup;
			children = (
				AD0722FA2940B1F1009F929B /* Mapping.swift */,
				AD0722FB2940B1F1009F929B /* Region.swift */,
				AD0722FC2940B1F1009F929B /* UrlDetails.swift */,
				AD0722FD2940B1F1009F929B /* InitField.swift */,
				AD0722FE2940B1F1009F929B /* Prompt.swift */,
				AD0722FF2940B1F1009F929B /* Banner.swift */,
			);
			path = Webview;
			sourceTree = "<group>";
		};
		AD0723062940B227009F929B /* Linup */ = {
			isa = PBXGroup;
			children = (
				AD07230D2940B2A9009F929B /* AwayBackup.swift */,
				AD07230E2940B2A9009F929B /* AwayLineup.swift */,
				AD07230B2940B2A9009F929B /* HomeBackup.swift */,
				AD07230C2940B2A9009F929B /* HomeLineup.swift */,
				AD0723092940B24A009F929B /* LineupList.swift */,
				AD0723072940B244009F929B /* LinupResponse.swift */,
			);
			path = Linup;
			sourceTree = "<group>";
		};
		AD0723132940B372009F929B /* Home */ = {
			isa = PBXGroup;
			children = (
				AD0723142940B38C009F929B /* HomeViewController.swift */,
			);
			path = Home;
			sourceTree = "<group>";
		};
		AD0723182940CC9F009F929B /* Fonts */ = {
			isa = PBXGroup;
			children = (
				AD07231A2940CD76009F929B /* Sen-Bold.ttf */,
				AD0723192940CD76009F929B /* Sen-ExtraBold.ttf */,
				AD07231B2940CD76009F929B /* Sen-Regular.ttf */,
			);
			path = Fonts;
			sourceTree = "<group>";
		};
		AD0959F029436A1A001FCF7E /* Thanks */ = {
			isa = PBXGroup;
			children = (
				AD0959F129436A46001FCF7E /* ThanksViewController.swift */,
			);
			path = Thanks;
			sourceTree = "<group>";
		};
		AD5062922941FF7A0021BF6F /* Question */ = {
			isa = PBXGroup;
			children = (
				AD5062932941FFA80021BF6F /* QuestionTableViewCell.swift */,
				AD5062942941FFA80021BF6F /* QuestionTableViewCell.xib */,
			);
			path = Question;
			sourceTree = "<group>";
		};
		AD506297294217E30021BF6F /* Options */ = {
			isa = PBXGroup;
			children = (
				AD506298294217FA0021BF6F /* OptionsTableViewCell.swift */,
				AD506299294217FA0021BF6F /* OptionsTableViewCell.xib */,
			);
			path = Options;
			sourceTree = "<group>";
		};
		AD6189E9294470D700C9832F /* Ranks */ = {
			isa = PBXGroup;
			children = (
				AD6189EA294470F200C9832F /* RankTableViewCell.swift */,
				AD6189EB294470F200C9832F /* RankTableViewCell.xib */,
			);
			path = Ranks;
			sourceTree = "<group>";
		};
		AD6189EE2944905A00C9832F /* Settings */ = {
			isa = PBXGroup;
			children = (
				AD6189EF2944907200C9832F /* SettingsTableViewCell.swift */,
				AD6189F02944907200C9832F /* SettingsTableViewCell.xib */,
			);
			path = Settings;
			sourceTree = "<group>";
		};
		AD6189F32944978700C9832F /* Ranking */ = {
			isa = PBXGroup;
			children = (
				AD6189F4294497B500C9832F /* RankingViewController.swift */,
			);
			path = Ranking;
			sourceTree = "<group>";
		};
		AD9D5B1C2941AFE40022428A /* View */ = {
			isa = PBXGroup;
			children = (
				AD9D5B242941B4780022428A /* CustomViews */,
				AD9D5B232941B46C0022428A /* TableViewCells */,
				AD9D5B1D2941B0040022428A /* CollectionViewCells */,
			);
			path = View;
			sourceTree = "<group>";
		};
		AD9D5B1D2941B0040022428A /* CollectionViewCells */ = {
			isa = PBXGroup;
			children = (
				ADFE47832944B554004AC954 /* Onboarding */,
				AD9D5B222941B45D0022428A /* Player */,
			);
			path = CollectionViewCells;
			sourceTree = "<group>";
		};
		AD9D5B222941B45D0022428A /* Player */ = {
			isa = PBXGroup;
			children = (
				AD9D5B1F2941B03E0022428A /* PlayerCollectionViewCell.xib */,
				AD9D5B1E2941B03E0022428A /* PlayerCollectionViewCell.swift */,
			);
			path = Player;
			sourceTree = "<group>";
		};
		AD9D5B232941B46C0022428A /* TableViewCells */ = {
			isa = PBXGroup;
			children = (
				AD6189EE2944905A00C9832F /* Settings */,
				AD6189E9294470D700C9832F /* Ranks */,
				AD506297294217E30021BF6F /* Options */,
				AD5062922941FF7A0021BF6F /* Question */,
			);
			path = TableViewCells;
			sourceTree = "<group>";
		};
		AD9D5B242941B4780022428A /* CustomViews */ = {
			isa = PBXGroup;
			children = (
				AD9D5B252941B4D20022428A /* PointsView */,
			);
			path = CustomViews;
			sourceTree = "<group>";
		};
		AD9D5B252941B4D20022428A /* PointsView */ = {
			isa = PBXGroup;
			children = (
				AD9D5B262941B4ED0022428A /* PointsView.xib */,
				AD9D5B282941B5340022428A /* PointsView.swift */,
			);
			path = PointsView;
			sourceTree = "<group>";
		};
		AD9D5B2A2941BBC50022428A /* LocalModels */ = {
			isa = PBXGroup;
			children = (
				AD9D5B2C2941BBF00022428A /* LocalPlayer.swift */,
			);
			path = LocalModels;
			sourceTree = "<group>";
		};
		ADD6EFFB294341190071C2D7 /* Questions */ = {
			isa = PBXGroup;
			children = (
				AD5062902941FCE30021BF6F /* QuestionsViewController.swift */,
				ADD6EFF929433FA80071C2D7 /* QuestionsViewModel.swift */,
			);
			path = Questions;
			sourceTree = "<group>";
		};
		ADFE477D2944AADF004AC954 /* Settings */ = {
			isa = PBXGroup;
			children = (
				ADFE477E2944AAF4004AC954 /* SettingsViewController.swift */,
			);
			name = Settings;
			sourceTree = "<group>";
		};
		ADFE47802944B518004AC954 /* Onboarding */ = {
			isa = PBXGroup;
			children = (
				ADFE47812944B518004AC954 /* OnboardingViewController.swift */,
			);
			path = Onboarding;
			sourceTree = "<group>";
		};
		ADFE47832944B554004AC954 /* Onboarding */ = {
			isa = PBXGroup;
			children = (
				ADFE47842944B554004AC954 /* OnboardingCollectionViewCell.swift */,
				ADFE47852944B554004AC954 /* OnboardingCollectionViewCell.xib */,
			);
			path = Onboarding;
			sourceTree = "<group>";
		};
		D191100582D68F1D584B2D7B /* Pods */ = {
			isa = PBXGroup;
			children = (
				5EC412553F12D789BCB87F5C /* Pods-Instant sports Quiz.debug.xcconfig */,
				6A9E64DF6DFB415CA74BD894 /* Pods-Instant sports Quiz.release.xcconfig */,
				0A4410B09AA46BC3D6DB9ED5 /* Pods-Instant sports Quiz-Instant sports QuizUITests.debug.xcconfig */,
				A1F9EE28C8D0613D7577ECE5 /* Pods-Instant sports Quiz-Instant sports QuizUITests.release.xcconfig */,
				4F758808FD3799CBD8C314EA /* Pods-Instant sports QuizTests.debug.xcconfig */,
				98A1308817AA3F972C4E4740 /* Pods-Instant sports QuizTests.release.xcconfig */,
			);
			path = Pods;
			sourceTree = "<group>";
		};
		E4C558EC3FD08D1520E53433 /* Frameworks */ = {
			isa = PBXGroup;
			children = (
				C519701E2BDB0F78D90BAB9D /* Pods_Instant_sports_Quiz.framework */,
				E3E558BC13289FD447AAAC15 /* Pods_Instant_sports_Quiz_Instant_sports_QuizUITests.framework */,
				FB006C8E2727BB85B6EA9E23 /* Pods_Instant_sports_QuizTests.framework */,
			);
			name = Frameworks;
			sourceTree = "<group>";
		};
/* End PBXGroup section */

/* Begin PBXNativeTarget section */
		AD0722522940866B009F929B /* Instant sports Quiz */ = {
			isa = PBXNativeTarget;
			buildConfigurationList = AD07227D2940866C009F929B /* Build configuration list for PBXNativeTarget "Instant sports Quiz" */;
			buildPhases = (
				E0C93558B1F8F54BD8954145 /* [CP] Check Pods Manifest.lock */,
				AD07224F2940866B009F929B /* Sources */,
				AD0722502940866B009F929B /* Frameworks */,
				AD0722512940866B009F929B /* Resources */,
				A33032BC559E95FF24EB8786 /* [CP] Embed Pods Frameworks */,
			);
			buildRules = (
			);
			dependencies = (
			);
			name = "Instant sports Quiz";
			productName = "Instant sports Quiz";
			productReference = AD0722532940866B009F929B /* Instant sports Quiz.app */;
			productType = "com.apple.product-type.application";
		};
		AD0722682940866C009F929B /* Instant sports QuizTests */ = {
			isa = PBXNativeTarget;
			buildConfigurationList = AD0722802940866C009F929B /* Build configuration list for PBXNativeTarget "Instant sports QuizTests" */;
			buildPhases = (
				701F93FC0E38295467B016A1 /* [CP] Check Pods Manifest.lock */,
				AD0722652940866C009F929B /* Sources */,
				AD0722662940866C009F929B /* Frameworks */,
				AD0722672940866C009F929B /* Resources */,
			);
			buildRules = (
			);
			dependencies = (
				AD07226B2940866C009F929B /* PBXTargetDependency */,
			);
			name = "Instant sports QuizTests";
			productName = "Instant sports QuizTests";
			productReference = AD0722692940866C009F929B /* Instant sports QuizTests.xctest */;
			productType = "com.apple.product-type.bundle.unit-test";
		};
		AD0722722940866C009F929B /* Instant sports QuizUITests */ = {
			isa = PBXNativeTarget;
			buildConfigurationList = AD0722832940866C009F929B /* Build configuration list for PBXNativeTarget "Instant sports QuizUITests" */;
			buildPhases = (
				A89BF8878572BF2418F62730 /* [CP] Check Pods Manifest.lock */,
				AD07226F2940866C009F929B /* Sources */,
				AD0722702940866C009F929B /* Frameworks */,
				AD0722712940866C009F929B /* Resources */,
				58628B60DE993CAB00C52B3A /* [CP] Embed Pods Frameworks */,
			);
			buildRules = (
			);
			dependencies = (
				AD0722752940866C009F929B /* PBXTargetDependency */,
			);
			name = "Instant sports QuizUITests";
			productName = "Instant sports QuizUITests";
			productReference = AD0722732940866C009F929B /* Instant sports QuizUITests.xctest */;
			productType = "com.apple.product-type.bundle.ui-testing";
		};
/* End PBXNativeTarget section */

/* Begin PBXProject section */
		AD07224B2940866B009F929B /* Project object */ = {
			isa = PBXProject;
			attributes = {
				BuildIndependentTargetsInParallel = 1;
				LastSwiftUpdateCheck = 1340;
				LastUpgradeCheck = 1340;
				TargetAttributes = {
					AD0722522940866B009F929B = {
						CreatedOnToolsVersion = 13.4.1;
					};
					AD0722682940866C009F929B = {
						CreatedOnToolsVersion = 13.4.1;
						TestTargetID = AD0722522940866B009F929B;
					};
					AD0722722940866C009F929B = {
						CreatedOnToolsVersion = 13.4.1;
						TestTargetID = AD0722522940866B009F929B;
					};
				};
			};
			buildConfigurationList = AD07224E2940866B009F929B /* Build configuration list for PBXProject "Instant sports Quiz" */;
			compatibilityVersion = "Xcode 13.0";
			developmentRegion = en;
			hasScannedForEncodings = 0;
			knownRegions = (
				en,
				Base,
				ar,
				"zh-Hans",
				vi,
				id,
				th,
			);
			mainGroup = AD07224A2940866B009F929B;
			productRefGroup = AD0722542940866B009F929B /* Products */;
			projectDirPath = "";
			projectRoot = "";
			targets = (
				AD0722522940866B009F929B /* Instant sports Quiz */,
				AD0722682940866C009F929B /* Instant sports QuizTests */,
				AD0722722940866C009F929B /* Instant sports QuizUITests */,
			);
		};
/* End PBXProject section */

/* Begin PBXResourcesBuildPhase section */
		AD0722512940866B009F929B /* Resources */ = {
			isa = PBXResourcesBuildPhase;
			buildActionMask = 2147483647;
			files = (
				AD0722632940866C009F929B /* LaunchScreen.storyboard in Resources */,
				AD9D5B212941B03E0022428A /* PlayerCollectionViewCell.xib in Resources */,
				AD9D5B272941B4ED0022428A /* PointsView.xib in Resources */,
				AD0722602940866C009F929B /* Assets.xcassets in Resources */,
				ADFE47872944B554004AC954 /* OnboardingCollectionViewCell.xib in Resources */,
				AD0722E929409A76009F929B /* Dialogs.strings in Resources */,
				AD0723172940BAE5009F929B /* Colors.xcassets in Resources */,
				ADD6EFFD294356A00071C2D7 /* quiz.json in Resources */,
				AD07231D2940CD76009F929B /* Sen-Bold.ttf in Resources */,
				AD07231C2940CD76009F929B /* Sen-ExtraBold.ttf in Resources */,
				ADEB7DE2294C4EC2002E21C6 /* InfoPlist.strings in Resources */,
				AD07231E2940CD76009F929B /* Sen-Regular.ttf in Resources */,
				AD5062962941FFA80021BF6F /* QuestionTableViewCell.xib in Resources */,
				AD0722EC29409A76009F929B /* Dialogs.storyboard in Resources */,
				AD88316829484B5F009C0B3F /* Localizable.strings in Resources */,
				AD50629B294217FA0021BF6F /* OptionsTableViewCell.xib in Resources */,
				AD6189ED294470F200C9832F /* RankTableViewCell.xib in Resources */,
				AD6189F22944907200C9832F /* SettingsTableViewCell.xib in Resources */,
				AD07225E2940866B009F929B /* Main.storyboard in Resources */,
			);
			runOnlyForDeploymentPostprocessing = 0;
		};
		AD0722672940866C009F929B /* Resources */ = {
			isa = PBXResourcesBuildPhase;
			buildActionMask = 2147483647;
			files = (
			);
			runOnlyForDeploymentPostprocessing = 0;
		};
		AD0722712940866C009F929B /* Resources */ = {
			isa = PBXResourcesBuildPhase;
			buildActionMask = 2147483647;
			files = (
			);
			runOnlyForDeploymentPostprocessing = 0;
		};
/* End PBXResourcesBuildPhase section */

/* Begin PBXShellScriptBuildPhase section */
		58628B60DE993CAB00C52B3A /* [CP] Embed Pods Frameworks */ = {
			isa = PBXShellScriptBuildPhase;
			buildActionMask = 2147483647;
			files = (
			);
			inputFileListPaths = (
				"${PODS_ROOT}/Target Support Files/Pods-Instant sports Quiz-Instant sports QuizUITests/Pods-Instant sports Quiz-Instant sports QuizUITests-frameworks-${CONFIGURATION}-input-files.xcfilelist",
			);
			name = "[CP] Embed Pods Frameworks";
			outputFileListPaths = (
				"${PODS_ROOT}/Target Support Files/Pods-Instant sports Quiz-Instant sports QuizUITests/Pods-Instant sports Quiz-Instant sports QuizUITests-frameworks-${CONFIGURATION}-output-files.xcfilelist",
			);
			runOnlyForDeploymentPostprocessing = 0;
			shellPath = /bin/sh;
			shellScript = "\"${PODS_ROOT}/Target Support Files/Pods-Instant sports Quiz-Instant sports QuizUITests/Pods-Instant sports Quiz-Instant sports QuizUITests-frameworks.sh\"\n";
			showEnvVarsInLog = 0;
		};
		701F93FC0E38295467B016A1 /* [CP] Check Pods Manifest.lock */ = {
			isa = PBXShellScriptBuildPhase;
			buildActionMask = 2147483647;
			files = (
			);
			inputFileListPaths = (
			);
			inputPaths = (
				"${PODS_PODFILE_DIR_PATH}/Podfile.lock",
				"${PODS_ROOT}/Manifest.lock",
			);
			name = "[CP] Check Pods Manifest.lock";
			outputFileListPaths = (
			);
			outputPaths = (
				"$(DERIVED_FILE_DIR)/Pods-Instant sports QuizTests-checkManifestLockResult.txt",
			);
			runOnlyForDeploymentPostprocessing = 0;
			shellPath = /bin/sh;
			shellScript = "diff \"${PODS_PODFILE_DIR_PATH}/Podfile.lock\" \"${PODS_ROOT}/Manifest.lock\" > /dev/null\nif [ $? != 0 ] ; then\n    # print error to STDERR\n    echo \"error: The sandbox is not in sync with the Podfile.lock. Run 'pod install' or update your CocoaPods installation.\" >&2\n    exit 1\nfi\n# This output is used by Xcode 'outputs' to avoid re-running this script phase.\necho \"SUCCESS\" > \"${SCRIPT_OUTPUT_FILE_0}\"\n";
			showEnvVarsInLog = 0;
		};
		A33032BC559E95FF24EB8786 /* [CP] Embed Pods Frameworks */ = {
			isa = PBXShellScriptBuildPhase;
			buildActionMask = 2147483647;
			files = (
			);
			inputFileListPaths = (
				"${PODS_ROOT}/Target Support Files/Pods-Instant sports Quiz/Pods-Instant sports Quiz-frameworks-${CONFIGURATION}-input-files.xcfilelist",
			);
			name = "[CP] Embed Pods Frameworks";
			outputFileListPaths = (
				"${PODS_ROOT}/Target Support Files/Pods-Instant sports Quiz/Pods-Instant sports Quiz-frameworks-${CONFIGURATION}-output-files.xcfilelist",
			);
			runOnlyForDeploymentPostprocessing = 0;
			shellPath = /bin/sh;
			shellScript = "\"${PODS_ROOT}/Target Support Files/Pods-Instant sports Quiz/Pods-Instant sports Quiz-frameworks.sh\"\n";
			showEnvVarsInLog = 0;
		};
		A89BF8878572BF2418F62730 /* [CP] Check Pods Manifest.lock */ = {
			isa = PBXShellScriptBuildPhase;
			buildActionMask = 2147483647;
			files = (
			);
			inputFileListPaths = (
			);
			inputPaths = (
				"${PODS_PODFILE_DIR_PATH}/Podfile.lock",
				"${PODS_ROOT}/Manifest.lock",
			);
			name = "[CP] Check Pods Manifest.lock";
			outputFileListPaths = (
			);
			outputPaths = (
				"$(DERIVED_FILE_DIR)/Pods-Instant sports Quiz-Instant sports QuizUITests-checkManifestLockResult.txt",
			);
			runOnlyForDeploymentPostprocessing = 0;
			shellPath = /bin/sh;
			shellScript = "diff \"${PODS_PODFILE_DIR_PATH}/Podfile.lock\" \"${PODS_ROOT}/Manifest.lock\" > /dev/null\nif [ $? != 0 ] ; then\n    # print error to STDERR\n    echo \"error: The sandbox is not in sync with the Podfile.lock. Run 'pod install' or update your CocoaPods installation.\" >&2\n    exit 1\nfi\n# This output is used by Xcode 'outputs' to avoid re-running this script phase.\necho \"SUCCESS\" > \"${SCRIPT_OUTPUT_FILE_0}\"\n";
			showEnvVarsInLog = 0;
		};
		E0C93558B1F8F54BD8954145 /* [CP] Check Pods Manifest.lock */ = {
			isa = PBXShellScriptBuildPhase;
			buildActionMask = 2147483647;
			files = (
			);
			inputFileListPaths = (
			);
			inputPaths = (
				"${PODS_PODFILE_DIR_PATH}/Podfile.lock",
				"${PODS_ROOT}/Manifest.lock",
			);
			name = "[CP] Check Pods Manifest.lock";
			outputFileListPaths = (
			);
			outputPaths = (
				"$(DERIVED_FILE_DIR)/Pods-Instant sports Quiz-checkManifestLockResult.txt",
			);
			runOnlyForDeploymentPostprocessing = 0;
			shellPath = /bin/sh;
			shellScript = "diff \"${PODS_PODFILE_DIR_PATH}/Podfile.lock\" \"${PODS_ROOT}/Manifest.lock\" > /dev/null\nif [ $? != 0 ] ; then\n    # print error to STDERR\n    echo \"error: The sandbox is not in sync with the Podfile.lock. Run 'pod install' or update your CocoaPods installation.\" >&2\n    exit 1\nfi\n# This output is used by Xcode 'outputs' to avoid re-running this script phase.\necho \"SUCCESS\" > \"${SCRIPT_OUTPUT_FILE_0}\"\n";
			showEnvVarsInLog = 0;
		};
/* End PBXShellScriptBuildPhase section */

/* Begin PBXSourcesBuildPhase section */
		AD07224F2940866B009F929B /* Sources */ = {
			isa = PBXSourcesBuildPhase;
			buildActionMask = 2147483647;
			files = (
				AD0723122940B2A9009F929B /* AwayLineup.swift in Sources */,
				AD6189EC294470F200C9832F /* RankTableViewCell.swift in Sources */,
				AD0722C929409A65009F929B /* UIViewController+Extension.swift in Sources */,
				ADFE47822944B518004AC954 /* OnboardingViewController.swift in Sources */,
				AD9D5B2D2941BBF00022428A /* LocalPlayer.swift in Sources */,
				AD9D5B292941B5340022428A /* PointsView.swift in Sources */,
				AD0723042940B1F1009F929B /* Prompt.swift in Sources */,
				AD07230F2940B2A9009F929B /* HomeBackup.swift in Sources */,
				AD0722D629409A65009F929B /* Colors.swift in Sources */,
				AD0722C129409A65009F929B /* RoundedCornerImage.swift in Sources */,
				AD0722C429409A65009F929B /* UIColor+Extension.swift in Sources */,
				AD07229329409A4D009F929B /* Environment.swift in Sources */,
				AD0722F729409B80009F929B /* WebViewViewController.swift in Sources */,
				AD0722D429409A65009F929B /* Utility.swift in Sources */,
				AD0722CB29409A65009F929B /* UISegmentedControl+Extension.swift in Sources */,
				AD5062912941FCE30021BF6F /* QuestionsViewController.swift in Sources */,
				AD0722CF29409A65009F929B /* Data+Extension.swift in Sources */,
				AD0723002940B1F1009F929B /* Mapping.swift in Sources */,
				AD0722C529409A65009F929B /* Date+Extension.swift in Sources */,
				AD6189F12944907200C9832F /* SettingsTableViewCell.swift in Sources */,
				ADFE477F2944AAF4004AC954 /* SettingsViewController.swift in Sources */,
				AD0722CA29409A65009F929B /* String+Extension.swift in Sources */,
				AD0722ED29409A76009F929B /* SuccessfullDialog.swift in Sources */,
				AD0723112940B2A9009F929B /* AwayBackup.swift in Sources */,
				AD0722C729409A65009F929B /* UINavigationController+Extension.swift in Sources */,
				AD5062952941FFA80021BF6F /* QuestionTableViewCell.swift in Sources */,
				ADFE47862944B554004AC954 /* OnboardingCollectionViewCell.swift in Sources */,
				AD0722C029409A65009F929B /* CustomTabBar.swift in Sources */,
				AD0722D329409A65009F929B /* Images.swift in Sources */,
				AD0722D129409A65009F929B /* CollectionViewExtension.swift in Sources */,
				AD0722CD29409A65009F929B /* UIPageControllerExtension.swift in Sources */,
				AD0723032940B1F1009F929B /* InitField.swift in Sources */,
				AD07229529409A4D009F929B /* WebService.swift in Sources */,
				AD0722BD29409A65009F929B /* BaseViewController.swift in Sources */,
				ADD6EFFA29433FA80071C2D7 /* QuestionsViewModel.swift in Sources */,
				AD0722BC29409A65009F929B /* RoundShadowView.swift in Sources */,
				AD0722D229409A65009F929B /* AppPreferences.swift in Sources */,
				AD07230A2940B24A009F929B /* LineupList.swift in Sources */,
				AD0722C329409A65009F929B /* UIImageView+Extension.swift in Sources */,
				AD0723012940B1F1009F929B /* Region.swift in Sources */,
				AD07229229409A4D009F929B /* UploadFile.swift in Sources */,
				AD0722F429409B55009F929B /* LaunchesViewController.swift in Sources */,
				AD0722D029409A65009F929B /* UIImageExtension.swift in Sources */,
				AD0723102940B2A9009F929B /* HomeLineup.swift in Sources */,
				AD0722D729409A65009F929B /* LocationManager.swift in Sources */,
				AD07229429409A4D009F929B /* BaseUrl.swift in Sources */,
				AD0723022940B1F1009F929B /* UrlDetails.swift in Sources */,
				AD9D5B202941B03E0022428A /* PlayerCollectionViewCell.swift in Sources */,
				AD0722D829409A65009F929B /* FilePicker.swift in Sources */,
				AD0722EE29409A76009F929B /* ConfirmationViewController.swift in Sources */,
				AD0722CE29409A65009F929B /* Dictionary+Extension.swift in Sources */,
				AD0723152940B38C009F929B /* HomeViewController.swift in Sources */,
				AD0723082940B244009F929B /* LinupResponse.swift in Sources */,
				AD0722BB29409A65009F929B /* Constants.swift in Sources */,
				AD07229929409A4D009F929B /* HomeAPI.swift in Sources */,
				AD0722572940866B009F929B /* AppDelegate.swift in Sources */,
				AD07229129409A4D009F929B /* EndPoints.swift in Sources */,
				AD0722C629409A65009F929B /* UIView+Extension.swift in Sources */,
				AD0722F029409A76009F929B /* Dialog.swift in Sources */,
				AD50629A294217FA0021BF6F /* OptionsTableViewCell.swift in Sources */,
				AD0722D529409A65009F929B /* SnackView.swift in Sources */,
				AD0722BE29409A65009F929B /* RoundView.swift in Sources */,
				AD0722EB29409A76009F929B /* MatchOptionsViewController.swift in Sources */,
				AD0722C829409A65009F929B /* URL+Extension.swift in Sources */,
				AD0723052940B1F1009F929B /* Banner.swift in Sources */,
				AD0722C229409A65009F929B /* UIApplication+Extension.swift in Sources */,
				AD0722BF29409A65009F929B /* MainTabBarController.swift in Sources */,
				AD0959F229436A46001FCF7E /* ThanksViewController.swift in Sources */,
				AD6189F5294497B500C9832F /* RankingViewController.swift in Sources */,
			);
			runOnlyForDeploymentPostprocessing = 0;
		};
		AD0722652940866C009F929B /* Sources */ = {
			isa = PBXSourcesBuildPhase;
			buildActionMask = 2147483647;
			files = (
				AD07226E2940866C009F929B /* Instant_sports_QuizTests.swift in Sources */,
			);
			runOnlyForDeploymentPostprocessing = 0;
		};
		AD07226F2940866C009F929B /* Sources */ = {
			isa = PBXSourcesBuildPhase;
			buildActionMask = 2147483647;
			files = (
				AD07227A2940866C009F929B /* Instant_sports_QuizUITestsLaunchTests.swift in Sources */,
				AD0722782940866C009F929B /* Instant_sports_QuizUITests.swift in Sources */,
			);
			runOnlyForDeploymentPostprocessing = 0;
		};
/* End PBXSourcesBuildPhase section */

/* Begin PBXTargetDependency section */
		AD07226B2940866C009F929B /* PBXTargetDependency */ = {
			isa = PBXTargetDependency;
			target = AD0722522940866B009F929B /* Instant sports Quiz */;
			targetProxy = AD07226A2940866C009F929B /* PBXContainerItemProxy */;
		};
		AD0722752940866C009F929B /* PBXTargetDependency */ = {
			isa = PBXTargetDependency;
			target = AD0722522940866B009F929B /* Instant sports Quiz */;
			targetProxy = AD0722742940866C009F929B /* PBXContainerItemProxy */;
		};
/* End PBXTargetDependency section */

/* Begin PBXVariantGroup section */
		AD07225C2940866B009F929B /* Main.storyboard */ = {
			isa = PBXVariantGroup;
			children = (
				AD07225D2940866B009F929B /* Base */,
				AD88316329484618009C0B3F /* en */,
				AD88316529484649009C0B3F /* zh-Hans */,
			);
			name = Main.storyboard;
			sourceTree = "<group>";
		};
		AD0722612940866C009F929B /* LaunchScreen.storyboard */ = {
			isa = PBXVariantGroup;
			children = (
				AD0722622940866C009F929B /* Base */,
			);
			name = LaunchScreen.storyboard;
			sourceTree = "<group>";
		};
		AD0722DA29409A76009F929B /* Dialogs.strings */ = {
			isa = PBXVariantGroup;
			children = (
				AD0722DB29409A76009F929B /* ar */,
				AD0722DC29409A76009F929B /* zh-Hans */,
				AD0722DD29409A76009F929B /* en */,
				AD0722E429409A76009F929B /* vi */,
				AD0722E529409A76009F929B /* id */,
				AD0722E629409A76009F929B /* th */,
			);
			name = Dialogs.strings;
			sourceTree = "<group>";
		};
		AD0722E029409A76009F929B /* Dialogs.storyboard */ = {
			isa = PBXVariantGroup;
			children = (
				AD0722E129409A76009F929B /* Base */,
			);
			name = Dialogs.storyboard;
			sourceTree = "<group>";
		};
		AD88316A29484B5F009C0B3F /* Localizable.strings */ = {
			isa = PBXVariantGroup;
			children = (
				AD88316929484B5F009C0B3F /* en */,
				AD88316B29484B61009C0B3F /* zh-Hans */,
			);
			name = Localizable.strings;
			sourceTree = "<group>";
		};
		ADEB7DE4294C4EC2002E21C6 /* InfoPlist.strings */ = {
			isa = PBXVariantGroup;
			children = (
				ADEB7DE3294C4EC2002E21C6 /* en */,
				ADEB7DE5294C4EC6002E21C6 /* zh-Hans */,
			);
			name = InfoPlist.strings;
			sourceTree = "<group>";
		};
/* End PBXVariantGroup section */

/* Begin XCBuildConfiguration section */
		AD07227B2940866C009F929B /* Debug */ = {
			isa = XCBuildConfiguration;
			buildSettings = {
				ALWAYS_SEARCH_USER_PATHS = NO;
				CLANG_ANALYZER_NONNULL = YES;
				CLANG_ANALYZER_NUMBER_OBJECT_CONVERSION = YES_AGGRESSIVE;
				CLANG_CXX_LANGUAGE_STANDARD = "gnu++17";
				CLANG_ENABLE_MODULES = YES;
				CLANG_ENABLE_OBJC_ARC = YES;
				CLANG_ENABLE_OBJC_WEAK = YES;
				CLANG_WARN_BLOCK_CAPTURE_AUTORELEASING = YES;
				CLANG_WARN_BOOL_CONVERSION = YES;
				CLANG_WARN_COMMA = YES;
				CLANG_WARN_CONSTANT_CONVERSION = YES;
				CLANG_WARN_DEPRECATED_OBJC_IMPLEMENTATIONS = YES;
				CLANG_WARN_DIRECT_OBJC_ISA_USAGE = YES_ERROR;
				CLANG_WARN_DOCUMENTATION_COMMENTS = YES;
				CLANG_WARN_EMPTY_BODY = YES;
				CLANG_WARN_ENUM_CONVERSION = YES;
				CLANG_WARN_INFINITE_RECURSION = YES;
				CLANG_WARN_INT_CONVERSION = YES;
				CLANG_WARN_NON_LITERAL_NULL_CONVERSION = YES;
				CLANG_WARN_OBJC_IMPLICIT_RETAIN_SELF = YES;
				CLANG_WARN_OBJC_LITERAL_CONVERSION = YES;
				CLANG_WARN_OBJC_ROOT_CLASS = YES_ERROR;
				CLANG_WARN_QUOTED_INCLUDE_IN_FRAMEWORK_HEADER = YES;
				CLANG_WARN_RANGE_LOOP_ANALYSIS = YES;
				CLANG_WARN_STRICT_PROTOTYPES = YES;
				CLANG_WARN_SUSPICIOUS_MOVE = YES;
				CLANG_WARN_UNGUARDED_AVAILABILITY = YES_AGGRESSIVE;
				CLANG_WARN_UNREACHABLE_CODE = YES;
				CLANG_WARN__DUPLICATE_METHOD_MATCH = YES;
				COPY_PHASE_STRIP = NO;
				DEBUG_INFORMATION_FORMAT = dwarf;
				ENABLE_STRICT_OBJC_MSGSEND = YES;
				ENABLE_TESTABILITY = YES;
				GCC_C_LANGUAGE_STANDARD = gnu11;
				GCC_DYNAMIC_NO_PIC = NO;
				GCC_NO_COMMON_BLOCKS = YES;
				GCC_OPTIMIZATION_LEVEL = 0;
				GCC_PREPROCESSOR_DEFINITIONS = (
					"DEBUG=1",
					"$(inherited)",
				);
				GCC_WARN_64_TO_32_BIT_CONVERSION = YES;
				GCC_WARN_ABOUT_RETURN_TYPE = YES_ERROR;
				GCC_WARN_UNDECLARED_SELECTOR = YES;
				GCC_WARN_UNINITIALIZED_AUTOS = YES_AGGRESSIVE;
				GCC_WARN_UNUSED_FUNCTION = YES;
				GCC_WARN_UNUSED_VARIABLE = YES;
				IPHONEOS_DEPLOYMENT_TARGET = 15.5;
				MTL_ENABLE_DEBUG_INFO = INCLUDE_SOURCE;
				MTL_FAST_MATH = YES;
				ONLY_ACTIVE_ARCH = YES;
				SDKROOT = iphoneos;
				SWIFT_ACTIVE_COMPILATION_CONDITIONS = DEBUG;
				SWIFT_OPTIMIZATION_LEVEL = "-Onone";
			};
			name = Debug;
		};
		AD07227C2940866C009F929B /* Release */ = {
			isa = XCBuildConfiguration;
			buildSettings = {
				ALWAYS_SEARCH_USER_PATHS = NO;
				CLANG_ANALYZER_NONNULL = YES;
				CLANG_ANALYZER_NUMBER_OBJECT_CONVERSION = YES_AGGRESSIVE;
				CLANG_CXX_LANGUAGE_STANDARD = "gnu++17";
				CLANG_ENABLE_MODULES = YES;
				CLANG_ENABLE_OBJC_ARC = YES;
				CLANG_ENABLE_OBJC_WEAK = YES;
				CLANG_WARN_BLOCK_CAPTURE_AUTORELEASING = YES;
				CLANG_WARN_BOOL_CONVERSION = YES;
				CLANG_WARN_COMMA = YES;
				CLANG_WARN_CONSTANT_CONVERSION = YES;
				CLANG_WARN_DEPRECATED_OBJC_IMPLEMENTATIONS = YES;
				CLANG_WARN_DIRECT_OBJC_ISA_USAGE = YES_ERROR;
				CLANG_WARN_DOCUMENTATION_COMMENTS = YES;
				CLANG_WARN_EMPTY_BODY = YES;
				CLANG_WARN_ENUM_CONVERSION = YES;
				CLANG_WARN_INFINITE_RECURSION = YES;
				CLANG_WARN_INT_CONVERSION = YES;
				CLANG_WARN_NON_LITERAL_NULL_CONVERSION = YES;
				CLANG_WARN_OBJC_IMPLICIT_RETAIN_SELF = YES;
				CLANG_WARN_OBJC_LITERAL_CONVERSION = YES;
				CLANG_WARN_OBJC_ROOT_CLASS = YES_ERROR;
				CLANG_WARN_QUOTED_INCLUDE_IN_FRAMEWORK_HEADER = YES;
				CLANG_WARN_RANGE_LOOP_ANALYSIS = YES;
				CLANG_WARN_STRICT_PROTOTYPES = YES;
				CLANG_WARN_SUSPICIOUS_MOVE = YES;
				CLANG_WARN_UNGUARDED_AVAILABILITY = YES_AGGRESSIVE;
				CLANG_WARN_UNREACHABLE_CODE = YES;
				CLANG_WARN__DUPLICATE_METHOD_MATCH = YES;
				COPY_PHASE_STRIP = NO;
				DEBUG_INFORMATION_FORMAT = "dwarf-with-dsym";
				ENABLE_NS_ASSERTIONS = NO;
				ENABLE_STRICT_OBJC_MSGSEND = YES;
				GCC_C_LANGUAGE_STANDARD = gnu11;
				GCC_NO_COMMON_BLOCKS = YES;
				GCC_WARN_64_TO_32_BIT_CONVERSION = YES;
				GCC_WARN_ABOUT_RETURN_TYPE = YES_ERROR;
				GCC_WARN_UNDECLARED_SELECTOR = YES;
				GCC_WARN_UNINITIALIZED_AUTOS = YES_AGGRESSIVE;
				GCC_WARN_UNUSED_FUNCTION = YES;
				GCC_WARN_UNUSED_VARIABLE = YES;
				IPHONEOS_DEPLOYMENT_TARGET = 15.5;
				MTL_ENABLE_DEBUG_INFO = NO;
				MTL_FAST_MATH = YES;
				SDKROOT = iphoneos;
				SWIFT_COMPILATION_MODE = wholemodule;
				SWIFT_OPTIMIZATION_LEVEL = "-O";
				VALIDATE_PRODUCT = YES;
			};
			name = Release;
		};
		AD07227E2940866C009F929B /* Debug */ = {
			isa = XCBuildConfiguration;
			baseConfigurationReference = 5EC412553F12D789BCB87F5C /* Pods-Instant sports Quiz.debug.xcconfig */;
			buildSettings = {
				ASSETCATALOG_COMPILER_APPICON_NAME = AppIcon;
				ASSETCATALOG_COMPILER_GLOBAL_ACCENT_COLOR_NAME = AccentColor;
				CODE_SIGN_STYLE = Automatic;
				CURRENT_PROJECT_VERSION = 1;
				DEVELOPMENT_TEAM = 7ABAGYBGR5;
				GENERATE_INFOPLIST_FILE = YES;
				INFOPLIST_FILE = "Instant sports Quiz/Info.plist";
				INFOPLIST_KEY_UIApplicationSupportsIndirectInputEvents = YES;
				INFOPLIST_KEY_UILaunchStoryboardName = LaunchScreen;
				INFOPLIST_KEY_UIMainStoryboardFile = Main;
				INFOPLIST_KEY_UISupportedInterfaceOrientations = UIInterfaceOrientationPortrait;
				INFOPLIST_KEY_UISupportedInterfaceOrientations_iPad = "UIInterfaceOrientationPortrait UIInterfaceOrientationPortraitUpsideDown UIInterfaceOrientationLandscapeLeft UIInterfaceOrientationLandscapeRight";
				INFOPLIST_KEY_UISupportedInterfaceOrientations_iPhone = "UIInterfaceOrientationPortrait UIInterfaceOrientationLandscapeLeft UIInterfaceOrientationLandscapeRight";
				INFOPLIST_KEY_UIUserInterfaceStyle = Light;
				IPHONEOS_DEPLOYMENT_TARGET = 13.0;
				LD_RUNPATH_SEARCH_PATHS = (
					"$(inherited)",
					"@executable_path/Frameworks",
				);
				MARKETING_VERSION = 1.0;
				PRODUCT_BUNDLE_IDENTIFIER = com.instant.sports.quiz;
				PRODUCT_NAME = "$(TARGET_NAME)";
				SWIFT_EMIT_LOC_STRINGS = YES;
				SWIFT_VERSION = 5.0;
				TARGETED_DEVICE_FAMILY = 1;
			};
			name = Debug;
		};
		AD07227F2940866C009F929B /* Release */ = {
			isa = XCBuildConfiguration;
			baseConfigurationReference = 6A9E64DF6DFB415CA74BD894 /* Pods-Instant sports Quiz.release.xcconfig */;
			buildSettings = {
				ASSETCATALOG_COMPILER_APPICON_NAME = AppIcon;
				ASSETCATALOG_COMPILER_GLOBAL_ACCENT_COLOR_NAME = AccentColor;
				CODE_SIGN_STYLE = Automatic;
				CURRENT_PROJECT_VERSION = 1;
				DEVELOPMENT_TEAM = 7ABAGYBGR5;
				GENERATE_INFOPLIST_FILE = YES;
				INFOPLIST_FILE = "Instant sports Quiz/Info.plist";
				INFOPLIST_KEY_UIApplicationSupportsIndirectInputEvents = YES;
				INFOPLIST_KEY_UILaunchStoryboardName = LaunchScreen;
				INFOPLIST_KEY_UIMainStoryboardFile = Main;
				INFOPLIST_KEY_UISupportedInterfaceOrientations = UIInterfaceOrientationPortrait;
				INFOPLIST_KEY_UISupportedInterfaceOrientations_iPad = "UIInterfaceOrientationPortrait UIInterfaceOrientationPortraitUpsideDown UIInterfaceOrientationLandscapeLeft UIInterfaceOrientationLandscapeRight";
				INFOPLIST_KEY_UISupportedInterfaceOrientations_iPhone = "UIInterfaceOrientationPortrait UIInterfaceOrientationLandscapeLeft UIInterfaceOrientationLandscapeRight";
				INFOPLIST_KEY_UIUserInterfaceStyle = Light;
				IPHONEOS_DEPLOYMENT_TARGET = 13.0;
				LD_RUNPATH_SEARCH_PATHS = (
					"$(inherited)",
					"@executable_path/Frameworks",
				);
				MARKETING_VERSION = 1.0;
				PRODUCT_BUNDLE_IDENTIFIER = com.instant.sports.quiz;
				PRODUCT_NAME = "$(TARGET_NAME)";
				SWIFT_EMIT_LOC_STRINGS = YES;
				SWIFT_VERSION = 5.0;
				TARGETED_DEVICE_FAMILY = 1;
			};
			name = Release;
		};
		AD0722812940866C009F929B /* Debug */ = {
			isa = XCBuildConfiguration;
			baseConfigurationReference = 4F758808FD3799CBD8C314EA /* Pods-Instant sports QuizTests.debug.xcconfig */;
			buildSettings = {
				ALWAYS_EMBED_SWIFT_STANDARD_LIBRARIES = YES;
				BUNDLE_LOADER = "$(TEST_HOST)";
				CODE_SIGN_STYLE = Automatic;
				CURRENT_PROJECT_VERSION = 1;
				DEVELOPMENT_TEAM = 7ABAGYBGR5;
				GENERATE_INFOPLIST_FILE = YES;
				IPHONEOS_DEPLOYMENT_TARGET = 15.5;
				MARKETING_VERSION = 1.0;
				PRODUCT_BUNDLE_IDENTIFIER = "com.instantSports.Instant-sports-QuizTests";
				PRODUCT_NAME = "$(TARGET_NAME)";
				SWIFT_EMIT_LOC_STRINGS = NO;
				SWIFT_VERSION = 5.0;
				TARGETED_DEVICE_FAMILY = "1,2";
				TEST_HOST = "$(BUILT_PRODUCTS_DIR)/Instant sports Quiz.app/Instant sports Quiz";
			};
			name = Debug;
		};
		AD0722822940866C009F929B /* Release */ = {
			isa = XCBuildConfiguration;
			baseConfigurationReference = 98A1308817AA3F972C4E4740 /* Pods-Instant sports QuizTests.release.xcconfig */;
			buildSettings = {
				ALWAYS_EMBED_SWIFT_STANDARD_LIBRARIES = YES;
				BUNDLE_LOADER = "$(TEST_HOST)";
				CODE_SIGN_STYLE = Automatic;
				CURRENT_PROJECT_VERSION = 1;
				DEVELOPMENT_TEAM = 7ABAGYBGR5;
				GENERATE_INFOPLIST_FILE = YES;
				IPHONEOS_DEPLOYMENT_TARGET = 15.5;
				MARKETING_VERSION = 1.0;
				PRODUCT_BUNDLE_IDENTIFIER = "com.instantSports.Instant-sports-QuizTests";
				PRODUCT_NAME = "$(TARGET_NAME)";
				SWIFT_EMIT_LOC_STRINGS = NO;
				SWIFT_VERSION = 5.0;
				TARGETED_DEVICE_FAMILY = "1,2";
				TEST_HOST = "$(BUILT_PRODUCTS_DIR)/Instant sports Quiz.app/Instant sports Quiz";
			};
			name = Release;
		};
		AD0722842940866C009F929B /* Debug */ = {
			isa = XCBuildConfiguration;
			baseConfigurationReference = 0A4410B09AA46BC3D6DB9ED5 /* Pods-Instant sports Quiz-Instant sports QuizUITests.debug.xcconfig */;
			buildSettings = {
				ALWAYS_EMBED_SWIFT_STANDARD_LIBRARIES = YES;
				CODE_SIGN_STYLE = Automatic;
				CURRENT_PROJECT_VERSION = 1;
				DEVELOPMENT_TEAM = 7ABAGYBGR5;
				GENERATE_INFOPLIST_FILE = YES;
				MARKETING_VERSION = 1.0;
				PRODUCT_BUNDLE_IDENTIFIER = "com.instantSports.Instant-sports-QuizUITests";
				PRODUCT_NAME = "$(TARGET_NAME)";
				SWIFT_EMIT_LOC_STRINGS = NO;
				SWIFT_VERSION = 5.0;
				TARGETED_DEVICE_FAMILY = "1,2";
				TEST_TARGET_NAME = "Instant sports Quiz";
			};
			name = Debug;
		};
		AD0722852940866C009F929B /* Release */ = {
			isa = XCBuildConfiguration;
			baseConfigurationReference = A1F9EE28C8D0613D7577ECE5 /* Pods-Instant sports Quiz-Instant sports QuizUITests.release.xcconfig */;
			buildSettings = {
				ALWAYS_EMBED_SWIFT_STANDARD_LIBRARIES = YES;
				CODE_SIGN_STYLE = Automatic;
				CURRENT_PROJECT_VERSION = 1;
				DEVELOPMENT_TEAM = 7ABAGYBGR5;
				GENERATE_INFOPLIST_FILE = YES;
				MARKETING_VERSION = 1.0;
				PRODUCT_BUNDLE_IDENTIFIER = "com.instantSports.Instant-sports-QuizUITests";
				PRODUCT_NAME = "$(TARGET_NAME)";
				SWIFT_EMIT_LOC_STRINGS = NO;
				SWIFT_VERSION = 5.0;
				TARGETED_DEVICE_FAMILY = "1,2";
				TEST_TARGET_NAME = "Instant sports Quiz";
			};
			name = Release;
		};
/* End XCBuildConfiguration section */

/* Begin XCConfigurationList section */
		AD07224E2940866B009F929B /* Build configuration list for PBXProject "Instant sports Quiz" */ = {
			isa = XCConfigurationList;
			buildConfigurations = (
				AD07227B2940866C009F929B /* Debug */,
				AD07227C2940866C009F929B /* Release */,
			);
			defaultConfigurationIsVisible = 0;
			defaultConfigurationName = Release;
		};
		AD07227D2940866C009F929B /* Build configuration list for PBXNativeTarget "Instant sports Quiz" */ = {
			isa = XCConfigurationList;
			buildConfigurations = (
				AD07227E2940866C009F929B /* Debug */,
				AD07227F2940866C009F929B /* Release */,
			);
			defaultConfigurationIsVisible = 0;
			defaultConfigurationName = Release;
		};
		AD0722802940866C009F929B /* Build configuration list for PBXNativeTarget "Instant sports QuizTests" */ = {
			isa = XCConfigurationList;
			buildConfigurations = (
				AD0722812940866C009F929B /* Debug */,
				AD0722822940866C009F929B /* Release */,
			);
			defaultConfigurationIsVisible = 0;
			defaultConfigurationName = Release;
		};
		AD0722832940866C009F929B /* Build configuration list for PBXNativeTarget "Instant sports QuizUITests" */ = {
			isa = XCConfigurationList;
			buildConfigurations = (
				AD0722842940866C009F929B /* Debug */,
				AD0722852940866C009F929B /* Release */,
			);
			defaultConfigurationIsVisible = 0;
			defaultConfigurationName = Release;
		};
/* End XCConfigurationList section */
	};
	rootObject = AD07224B2940866B009F929B /* Project object */;
}
